// !$*UTF8*$!
{
	archiveVersion = 1;
	classes = {
	};
	objectVersion = 52;
	objects = {

/* Begin PBXBuildFile section */
		4C1ED55624C75C3C005D6749 /* Shadow.swift in Sources */ = {isa = PBXBuildFile; fileRef = 4C1ED55524C75C3B005D6749 /* Shadow.swift */; };
		4C1ED55824C82196005D6749 /* StandingView.swift in Sources */ = {isa = PBXBuildFile; fileRef = 4C1ED55724C82196005D6749 /* StandingView.swift */; };
		4C1ED56124D0B6F8005D6749 /* Splash.swift in Sources */ = {isa = PBXBuildFile; fileRef = 4C1ED56024D0B6F8005D6749 /* Splash.swift */; };
		4C31072024E1941D0006FDC4 /* Splash2.swift in Sources */ = {isa = PBXBuildFile; fileRef = 4C31071F24E1941D0006FDC4 /* Splash2.swift */; };
		4C3732EA1EBF8E8100A5785E /* Assets.xcassets in Resources */ = {isa = PBXBuildFile; fileRef = 4C3732E91EBF8E8100A5785E /* Assets.xcassets */; };
		4C3733031EBF8E8100A5785E /* MixTeamUITests.swift in Sources */ = {isa = PBXBuildFile; fileRef = 4C3733021EBF8E8100A5785E /* MixTeamUITests.swift */; };
		4C3733161EBFAA8700A5785E /* Player.swift in Sources */ = {isa = PBXBuildFile; fileRef = 4C3733151EBFAA8700A5785E /* Player.swift */; };
		4C3763C524A3DF5E00FA040B /* MixTeamLogicTests.swift in Sources */ = {isa = PBXBuildFile; fileRef = 4C3763C424A3DF5E00FA040B /* MixTeamLogicTests.swift */; };
		4C38973E2495016900D6D182 /* EditTeamView.swift in Sources */ = {isa = PBXBuildFile; fileRef = 4C38973D2495016900D6D182 /* EditTeamView.swift */; };
		4C40AE161ECCD51E0079E964 /* Team.swift in Sources */ = {isa = PBXBuildFile; fileRef = 4C40AE151ECCD51E0079E964 /* Team.swift */; };
		4C49458124BB14A700A7A81A /* AddSoftRemoveButton.swift in Sources */ = {isa = PBXBuildFile; fileRef = 4C49458024BB14A700A7A81A /* AddSoftRemoveButton.swift */; };
		4C5F13322472F88C007B9F3E /* MixTeamButtonStyle.swift in Sources */ = {isa = PBXBuildFile; fileRef = 4C5F13312472F88C007B9F3E /* MixTeamButtonStyle.swift */; };
		4C75737D28EF73D200A6E1EF /* MixTeamApp.swift in Sources */ = {isa = PBXBuildFile; fileRef = 4C75737C28EF73D200A6E1EF /* MixTeamApp.swift */; };
		4C75738028F0ADC600A6E1EF /* ComposableArchitecture in Frameworks */ = {isa = PBXBuildFile; productRef = 4C75737F28F0ADC600A6E1EF /* ComposableArchitecture */; };
		4C75738228F0ADC600A6E1EF /* Dependencies in Frameworks */ = {isa = PBXBuildFile; productRef = 4C75738128F0ADC600A6E1EF /* Dependencies */; };
		4C75738528F0AE1200A6E1EF /* App.swift in Sources */ = {isa = PBXBuildFile; fileRef = 4C75738428F0AE1200A6E1EF /* App.swift */; };
		4C7FE787245A166A0011E8AB /* AppView.swift in Sources */ = {isa = PBXBuildFile; fileRef = 4C7FE786245A166A0011E8AB /* AppView.swift */; };
		4C86575D255479C20040EA04 /* RenaudJennyAboutView in Frameworks */ = {isa = PBXBuildFile; productRef = 4C86575C255479C20040EA04 /* RenaudJennyAboutView */; };
		4C8E61002679399E00010C8B /* ScoreboardView.swift in Sources */ = {isa = PBXBuildFile; fileRef = 4C8E60FF2679399E00010C8B /* ScoreboardView.swift */; };
		4CAB7A7E268664A800C58254 /* RoundView.swift in Sources */ = {isa = PBXBuildFile; fileRef = 4CAB7A7D268664A800C58254 /* RoundView.swift */; };
		4CAB7A81268714A800C58254 /* ForEach+Binding.swift in Sources */ = {isa = PBXBuildFile; fileRef = 4CAB7A80268714A800C58254 /* ForEach+Binding.swift */; };
		4CB91CC224B7ADCD00B452D3 /* PlayerRow.swift in Sources */ = {isa = PBXBuildFile; fileRef = 4CB91CC124B7ADCD00B452D3 /* PlayerRow.swift */; };
		4CB91CC424B7AF2D00B452D3 /* AddDashedCardStyle.swift in Sources */ = {isa = PBXBuildFile; fileRef = 4CB91CC324B7AF2D00B452D3 /* AddDashedCardStyle.swift */; };
		4CB91CC624B7B0DA00B452D3 /* TeamRow.swift in Sources */ = {isa = PBXBuildFile; fileRef = 4CB91CC524B7B0DA00B452D3 /* TeamRow.swift */; };
		4CBA6B20249D278700CA3851 /* MixTeamTests.swift in Sources */ = {isa = PBXBuildFile; fileRef = 4CBA6B1F249D278700CA3851 /* MixTeamTests.swift */; };
		4CBA6B22249E166600CA3851 /* EditPlayerView.swift in Sources */ = {isa = PBXBuildFile; fileRef = 4CBA6B21249E166500CA3851 /* EditPlayerView.swift */; };
		4CBF5935268B016A00BF23F7 /* RoundRow.swift in Sources */ = {isa = PBXBuildFile; fileRef = 4CBF5934268B016A00BF23F7 /* RoundRow.swift */; };
		4CBF5937268E4ED800BF23F7 /* Binding+IntAsString.swift in Sources */ = {isa = PBXBuildFile; fileRef = 4CBF5936268E4ED800BF23F7 /* Binding+IntAsString.swift */; };
		4CBF5939268E4F2500BF23F7 /* Round.swift in Sources */ = {isa = PBXBuildFile; fileRef = 4CBF5938268E4F2500BF23F7 /* Round.swift */; };
		4CBF593B268E502700BF23F7 /* TotalScoresView.swift in Sources */ = {isa = PBXBuildFile; fileRef = 4CBF593A268E502700BF23F7 /* TotalScoresView.swift */; };
		4CC149D624BE5E4A00FBCE0C /* ImagePicker.swift in Sources */ = {isa = PBXBuildFile; fileRef = 4CC149D524BE5E4A00FBCE0C /* ImagePicker.swift */; };
		4CCA0D2124980E5600E88F80 /* ImageIdentifier.swift in Sources */ = {isa = PBXBuildFile; fileRef = 4CCA0D2024980E5600E88F80 /* ImageIdentifier.swift */; };
		4CCA0D2324980E8A00E88F80 /* ColorIdentifier.swift in Sources */ = {isa = PBXBuildFile; fileRef = 4CCA0D2224980E8A00E88F80 /* ColorIdentifier.swift */; };
		4CFDCAD428F0B642002DBF2D /* Persistence.swift in Sources */ = {isa = PBXBuildFile; fileRef = 4CFDCAD328F0B642002DBF2D /* Persistence.swift */; };
		4CFDCAD828F200BC002DBF2D /* App+Example.swift in Sources */ = {isa = PBXBuildFile; fileRef = 4CFDCAD728F200BC002DBF2D /* App+Example.swift */; };
		4CFDCADB28F224E1002DBF2D /* Standing.swift in Sources */ = {isa = PBXBuildFile; fileRef = 4CFDCADA28F224E1002DBF2D /* Standing.swift */; };
		4CFDCADD28F2BAE3002DBF2D /* AlertState+NotEnoughTeams.swift in Sources */ = {isa = PBXBuildFile; fileRef = 4CFDCADC28F2BAE3002DBF2D /* AlertState+NotEnoughTeams.swift */; };
		4CFDCADF28F2BD8C002DBF2D /* ShufflePlayers.swift in Sources */ = {isa = PBXBuildFile; fileRef = 4CFDCADE28F2BD8C002DBF2D /* ShufflePlayers.swift */; };
		4CFDCAE128F40D16002DBF2D /* Scores.swift in Sources */ = {isa = PBXBuildFile; fileRef = 4CFDCAE028F40D16002DBF2D /* Scores.swift */; };
		4CFDCAE328F44107002DBF2D /* Score.swift in Sources */ = {isa = PBXBuildFile; fileRef = 4CFDCAE228F44107002DBF2D /* Score.swift */; };
		4CFDCAE628F4442E002DBF2D /* ScoreRow.swift in Sources */ = {isa = PBXBuildFile; fileRef = 4CFDCAE528F4442E002DBF2D /* ScoreRow.swift */; };
/* End PBXBuildFile section */

/* Begin PBXContainerItemProxy section */
		4C3732F41EBF8E8100A5785E /* PBXContainerItemProxy */ = {
			isa = PBXContainerItemProxy;
			containerPortal = 4C3732D51EBF8E8100A5785E /* Project object */;
			proxyType = 1;
			remoteGlobalIDString = 4C3732DC1EBF8E8100A5785E;
			remoteInfo = MixTeam;
		};
		4C3732FF1EBF8E8100A5785E /* PBXContainerItemProxy */ = {
			isa = PBXContainerItemProxy;
			containerPortal = 4C3732D51EBF8E8100A5785E /* Project object */;
			proxyType = 1;
			remoteGlobalIDString = 4C3732DC1EBF8E8100A5785E;
			remoteInfo = MixTeam;
		};
/* End PBXContainerItemProxy section */

/* Begin PBXFileReference section */
		4C1ED55524C75C3B005D6749 /* Shadow.swift */ = {isa = PBXFileReference; lastKnownFileType = sourcecode.swift; path = Shadow.swift; sourceTree = "<group>"; };
		4C1ED55724C82196005D6749 /* StandingView.swift */ = {isa = PBXFileReference; lastKnownFileType = sourcecode.swift; path = StandingView.swift; sourceTree = "<group>"; };
		4C1ED56024D0B6F8005D6749 /* Splash.swift */ = {isa = PBXFileReference; lastKnownFileType = sourcecode.swift; path = Splash.swift; sourceTree = "<group>"; };
		4C31071F24E1941D0006FDC4 /* Splash2.swift */ = {isa = PBXFileReference; lastKnownFileType = sourcecode.swift; path = Splash2.swift; sourceTree = "<group>"; };
		4C3732DD1EBF8E8100A5785E /* MixTeam.app */ = {isa = PBXFileReference; explicitFileType = wrapper.application; includeInIndex = 0; path = MixTeam.app; sourceTree = BUILT_PRODUCTS_DIR; };
		4C3732E91EBF8E8100A5785E /* Assets.xcassets */ = {isa = PBXFileReference; lastKnownFileType = folder.assetcatalog; path = Assets.xcassets; sourceTree = "<group>"; };
		4C3732F31EBF8E8100A5785E /* MixTeamTests.xctest */ = {isa = PBXFileReference; explicitFileType = wrapper.cfbundle; includeInIndex = 0; path = MixTeamTests.xctest; sourceTree = BUILT_PRODUCTS_DIR; };
		4C3732F91EBF8E8100A5785E /* Info.plist */ = {isa = PBXFileReference; lastKnownFileType = text.plist.xml; path = Info.plist; sourceTree = "<group>"; };
		4C3732FE1EBF8E8100A5785E /* MixTeamUITests.xctest */ = {isa = PBXFileReference; explicitFileType = wrapper.cfbundle; includeInIndex = 0; path = MixTeamUITests.xctest; sourceTree = BUILT_PRODUCTS_DIR; };
		4C3733021EBF8E8100A5785E /* MixTeamUITests.swift */ = {isa = PBXFileReference; lastKnownFileType = sourcecode.swift; path = MixTeamUITests.swift; sourceTree = "<group>"; };
		4C3733041EBF8E8100A5785E /* Info.plist */ = {isa = PBXFileReference; lastKnownFileType = text.plist.xml; path = Info.plist; sourceTree = "<group>"; };
		4C3733151EBFAA8700A5785E /* Player.swift */ = {isa = PBXFileReference; fileEncoding = 4; lastKnownFileType = sourcecode.swift; path = Player.swift; sourceTree = "<group>"; };
		4C3763C424A3DF5E00FA040B /* MixTeamLogicTests.swift */ = {isa = PBXFileReference; lastKnownFileType = sourcecode.swift; path = MixTeamLogicTests.swift; sourceTree = "<group>"; };
		4C38973D2495016900D6D182 /* EditTeamView.swift */ = {isa = PBXFileReference; lastKnownFileType = sourcecode.swift; path = EditTeamView.swift; sourceTree = "<group>"; };
		4C40AE151ECCD51E0079E964 /* Team.swift */ = {isa = PBXFileReference; fileEncoding = 4; lastKnownFileType = sourcecode.swift; path = Team.swift; sourceTree = "<group>"; };
		4C49458024BB14A700A7A81A /* AddSoftRemoveButton.swift */ = {isa = PBXFileReference; lastKnownFileType = sourcecode.swift; path = AddSoftRemoveButton.swift; sourceTree = "<group>"; };
		4C5F13312472F88C007B9F3E /* MixTeamButtonStyle.swift */ = {isa = PBXFileReference; lastKnownFileType = sourcecode.swift; path = MixTeamButtonStyle.swift; sourceTree = "<group>"; };
		4C75737C28EF73D200A6E1EF /* MixTeamApp.swift */ = {isa = PBXFileReference; lastKnownFileType = sourcecode.swift; path = MixTeamApp.swift; sourceTree = "<group>"; };
		4C75738428F0AE1200A6E1EF /* App.swift */ = {isa = PBXFileReference; lastKnownFileType = sourcecode.swift; path = App.swift; sourceTree = "<group>"; };
		4C7FE786245A166A0011E8AB /* AppView.swift */ = {isa = PBXFileReference; lastKnownFileType = sourcecode.swift; path = AppView.swift; sourceTree = "<group>"; };
		4C8E60FF2679399E00010C8B /* ScoreboardView.swift */ = {isa = PBXFileReference; lastKnownFileType = sourcecode.swift; path = ScoreboardView.swift; sourceTree = "<group>"; };
		4CAB7A7D268664A800C58254 /* RoundView.swift */ = {isa = PBXFileReference; lastKnownFileType = sourcecode.swift; path = RoundView.swift; sourceTree = "<group>"; };
		4CAB7A80268714A800C58254 /* ForEach+Binding.swift */ = {isa = PBXFileReference; lastKnownFileType = sourcecode.swift; path = "ForEach+Binding.swift"; sourceTree = "<group>"; };
		4CB91CC124B7ADCD00B452D3 /* PlayerRow.swift */ = {isa = PBXFileReference; lastKnownFileType = sourcecode.swift; path = PlayerRow.swift; sourceTree = "<group>"; };
		4CB91CC324B7AF2D00B452D3 /* AddDashedCardStyle.swift */ = {isa = PBXFileReference; lastKnownFileType = sourcecode.swift; path = AddDashedCardStyle.swift; sourceTree = "<group>"; };
		4CB91CC524B7B0DA00B452D3 /* TeamRow.swift */ = {isa = PBXFileReference; lastKnownFileType = sourcecode.swift; path = TeamRow.swift; sourceTree = "<group>"; };
		4CBA6B1F249D278700CA3851 /* MixTeamTests.swift */ = {isa = PBXFileReference; fileEncoding = 4; lastKnownFileType = sourcecode.swift; path = MixTeamTests.swift; sourceTree = "<group>"; };
		4CBA6B21249E166500CA3851 /* EditPlayerView.swift */ = {isa = PBXFileReference; lastKnownFileType = sourcecode.swift; path = EditPlayerView.swift; sourceTree = "<group>"; };
		4CBF5934268B016A00BF23F7 /* RoundRow.swift */ = {isa = PBXFileReference; lastKnownFileType = sourcecode.swift; path = RoundRow.swift; sourceTree = "<group>"; };
		4CBF5936268E4ED800BF23F7 /* Binding+IntAsString.swift */ = {isa = PBXFileReference; lastKnownFileType = sourcecode.swift; path = "Binding+IntAsString.swift"; sourceTree = "<group>"; };
		4CBF5938268E4F2500BF23F7 /* Round.swift */ = {isa = PBXFileReference; lastKnownFileType = sourcecode.swift; path = Round.swift; sourceTree = "<group>"; };
		4CBF593A268E502700BF23F7 /* TotalScoresView.swift */ = {isa = PBXFileReference; lastKnownFileType = sourcecode.swift; path = TotalScoresView.swift; sourceTree = "<group>"; };
		4CC149D524BE5E4A00FBCE0C /* ImagePicker.swift */ = {isa = PBXFileReference; lastKnownFileType = sourcecode.swift; path = ImagePicker.swift; sourceTree = "<group>"; };
		4CCA0D2024980E5600E88F80 /* ImageIdentifier.swift */ = {isa = PBXFileReference; lastKnownFileType = sourcecode.swift; path = ImageIdentifier.swift; sourceTree = "<group>"; };
		4CCA0D2224980E8A00E88F80 /* ColorIdentifier.swift */ = {isa = PBXFileReference; lastKnownFileType = sourcecode.swift; path = ColorIdentifier.swift; sourceTree = "<group>"; };
		4CFDCAD328F0B642002DBF2D /* Persistence.swift */ = {isa = PBXFileReference; lastKnownFileType = sourcecode.swift; path = Persistence.swift; sourceTree = "<group>"; };
		4CFDCAD728F200BC002DBF2D /* App+Example.swift */ = {isa = PBXFileReference; lastKnownFileType = sourcecode.swift; path = "App+Example.swift"; sourceTree = "<group>"; };
		4CFDCADA28F224E1002DBF2D /* Standing.swift */ = {isa = PBXFileReference; lastKnownFileType = sourcecode.swift; path = Standing.swift; sourceTree = "<group>"; };
		4CFDCADC28F2BAE3002DBF2D /* AlertState+NotEnoughTeams.swift */ = {isa = PBXFileReference; lastKnownFileType = sourcecode.swift; path = "AlertState+NotEnoughTeams.swift"; sourceTree = "<group>"; };
		4CFDCADE28F2BD8C002DBF2D /* ShufflePlayers.swift */ = {isa = PBXFileReference; lastKnownFileType = sourcecode.swift; path = ShufflePlayers.swift; sourceTree = "<group>"; };
		4CFDCAE028F40D16002DBF2D /* Scores.swift */ = {isa = PBXFileReference; lastKnownFileType = sourcecode.swift; path = Scores.swift; sourceTree = "<group>"; };
		4CFDCAE228F44107002DBF2D /* Score.swift */ = {isa = PBXFileReference; lastKnownFileType = sourcecode.swift; path = Score.swift; sourceTree = "<group>"; };
		4CFDCAE528F4442E002DBF2D /* ScoreRow.swift */ = {isa = PBXFileReference; lastKnownFileType = sourcecode.swift; path = ScoreRow.swift; sourceTree = "<group>"; };
/* End PBXFileReference section */

/* Begin PBXFrameworksBuildPhase section */
		4C3732DA1EBF8E8100A5785E /* Frameworks */ = {
			isa = PBXFrameworksBuildPhase;
			buildActionMask = 2147483647;
			files = (
				4C75738228F0ADC600A6E1EF /* Dependencies in Frameworks */,
				4C75738028F0ADC600A6E1EF /* ComposableArchitecture in Frameworks */,
				4C86575D255479C20040EA04 /* RenaudJennyAboutView in Frameworks */,
			);
			runOnlyForDeploymentPostprocessing = 0;
		};
		4C3732F01EBF8E8100A5785E /* Frameworks */ = {
			isa = PBXFrameworksBuildPhase;
			buildActionMask = 2147483647;
			files = (
			);
			runOnlyForDeploymentPostprocessing = 0;
		};
		4C3732FB1EBF8E8100A5785E /* Frameworks */ = {
			isa = PBXFrameworksBuildPhase;
			buildActionMask = 2147483647;
			files = (
			);
			runOnlyForDeploymentPostprocessing = 0;
		};
/* End PBXFrameworksBuildPhase section */

/* Begin PBXGroup section */
		4C3732D41EBF8E8100A5785E = {
			isa = PBXGroup;
			children = (
				4C3732DF1EBF8E8100A5785E /* MixTeam */,
				4C3732F61EBF8E8100A5785E /* MixTeamTests */,
				4C3733011EBF8E8100A5785E /* MixTeamUITests */,
				4C3732DE1EBF8E8100A5785E /* Products */,
			);
			sourceTree = "<group>";
		};
		4C3732DE1EBF8E8100A5785E /* Products */ = {
			isa = PBXGroup;
			children = (
				4C3732DD1EBF8E8100A5785E /* MixTeam.app */,
				4C3732F31EBF8E8100A5785E /* MixTeamTests.xctest */,
				4C3732FE1EBF8E8100A5785E /* MixTeamUITests.xctest */,
			);
			name = Products;
			sourceTree = "<group>";
		};
		4C3732DF1EBF8E8100A5785E /* MixTeam */ = {
			isa = PBXGroup;
			children = (
				4CFDCAD928F224D4002DBF2D /* Standing */,
				4CFDCAD228F0B624002DBF2D /* Dependencies */,
				4C75738328F0ADFF00A6E1EF /* App */,
				4C3732E91EBF8E8100A5785E /* Assets.xcassets */,
				4CFCE6F024A3407F0030114B /* Common */,
				4CAB7A7F2687146900C58254 /* Extensions */,
				4CFCE6F424A341D40030114B /* Players */,
				4C8E60FE2679395000010C8B /* Scores */,
				4C49458224BE22EB00A7A81A /* Styles */,
				4CFCE6F524A341EF0030114B /* Teams */,
				4CEF9D471F8A972B00E34083 /* Utils */,
				4C8B5A13244CB27100C8781B /* ViewModifiers */,
				4C75737C28EF73D200A6E1EF /* MixTeamApp.swift */,
			);
			path = MixTeam;
			sourceTree = "<group>";
		};
		4C3732F61EBF8E8100A5785E /* MixTeamTests */ = {
			isa = PBXGroup;
			children = (
				4C3763C324A3DF3300FA040B /* Players */,
				4CBA6B1F249D278700CA3851 /* MixTeamTests.swift */,
				4C3732F91EBF8E8100A5785E /* Info.plist */,
			);
			path = MixTeamTests;
			sourceTree = "<group>";
		};
		4C3733011EBF8E8100A5785E /* MixTeamUITests */ = {
			isa = PBXGroup;
			children = (
				4C3733021EBF8E8100A5785E /* MixTeamUITests.swift */,
				4C3733041EBF8E8100A5785E /* Info.plist */,
			);
			path = MixTeamUITests;
			sourceTree = "<group>";
		};
		4C3763C324A3DF3300FA040B /* Players */ = {
			isa = PBXGroup;
			children = (
				4C3763C424A3DF5E00FA040B /* MixTeamLogicTests.swift */,
			);
			path = Players;
			sourceTree = "<group>";
		};
		4C49458224BE22EB00A7A81A /* Styles */ = {
			isa = PBXGroup;
			children = (
				4C5F13312472F88C007B9F3E /* MixTeamButtonStyle.swift */,
			);
			path = Styles;
			sourceTree = "<group>";
		};
		4C75738328F0ADFF00A6E1EF /* App */ = {
			isa = PBXGroup;
			children = (
				4C75738428F0AE1200A6E1EF /* App.swift */,
				4C7FE786245A166A0011E8AB /* AppView.swift */,
				4CFDCADC28F2BAE3002DBF2D /* AlertState+NotEnoughTeams.swift */,
				4CFDCAD728F200BC002DBF2D /* App+Example.swift */,
			);
			path = App;
			sourceTree = "<group>";
		};
		4C8B5A13244CB27100C8781B /* ViewModifiers */ = {
			isa = PBXGroup;
			children = (
				4CB91CC324B7AF2D00B452D3 /* AddDashedCardStyle.swift */,
				4C49458024BB14A700A7A81A /* AddSoftRemoveButton.swift */,
				4C1ED55524C75C3B005D6749 /* Shadow.swift */,
			);
			path = ViewModifiers;
			sourceTree = "<group>";
		};
		4C8E60FE2679395000010C8B /* Scores */ = {
			isa = PBXGroup;
			children = (
				4CFDCAE428F44421002DBF2D /* Score */,
				4CBF5936268E4ED800BF23F7 /* Binding+IntAsString.swift */,
				4CBF5938268E4F2500BF23F7 /* Round.swift */,
				4CBF5934268B016A00BF23F7 /* RoundRow.swift */,
				4CAB7A7D268664A800C58254 /* RoundView.swift */,
				4C8E60FF2679399E00010C8B /* ScoreboardView.swift */,
				4CBF593A268E502700BF23F7 /* TotalScoresView.swift */,
				4CFDCAE028F40D16002DBF2D /* Scores.swift */,
			);
			path = Scores;
			sourceTree = "<group>";
		};
		4CAB7A7F2687146900C58254 /* Extensions */ = {
			isa = PBXGroup;
			children = (
				4CAB7A80268714A800C58254 /* ForEach+Binding.swift */,
			);
			path = Extensions;
			sourceTree = "<group>";
		};
		4CEF9D471F8A972B00E34083 /* Utils */ = {
			isa = PBXGroup;
			children = (
				4CCA0D2024980E5600E88F80 /* ImageIdentifier.swift */,
				4CCA0D2224980E8A00E88F80 /* ColorIdentifier.swift */,
			);
			path = Utils;
			sourceTree = "<group>";
		};
		4CFCE6F024A3407F0030114B /* Common */ = {
			isa = PBXGroup;
			children = (
				4CC149D524BE5E4A00FBCE0C /* ImagePicker.swift */,
				4C1ED56024D0B6F8005D6749 /* Splash.swift */,
				4C31071F24E1941D0006FDC4 /* Splash2.swift */,
			);
			path = Common;
			sourceTree = "<group>";
		};
		4CFCE6F424A341D40030114B /* Players */ = {
			isa = PBXGroup;
			children = (
				4CBA6B21249E166500CA3851 /* EditPlayerView.swift */,
				4C3733151EBFAA8700A5785E /* Player.swift */,
				4CB91CC124B7ADCD00B452D3 /* PlayerRow.swift */,
			);
			path = Players;
			sourceTree = "<group>";
		};
		4CFCE6F524A341EF0030114B /* Teams */ = {
			isa = PBXGroup;
			children = (
				4C38973D2495016900D6D182 /* EditTeamView.swift */,
				4C40AE151ECCD51E0079E964 /* Team.swift */,
				4CB91CC524B7B0DA00B452D3 /* TeamRow.swift */,
			);
			path = Teams;
			sourceTree = "<group>";
		};
		4CFDCAD228F0B624002DBF2D /* Dependencies */ = {
			isa = PBXGroup;
			children = (
				4CFDCAD328F0B642002DBF2D /* Persistence.swift */,
				4CFDCADE28F2BD8C002DBF2D /* ShufflePlayers.swift */,
			);
			path = Dependencies;
			sourceTree = "<group>";
		};
		4CFDCAD928F224D4002DBF2D /* Standing */ = {
			isa = PBXGroup;
			children = (
				4CFDCADA28F224E1002DBF2D /* Standing.swift */,
				4C1ED55724C82196005D6749 /* StandingView.swift */,
			);
			path = Standing;
			sourceTree = "<group>";
		};
		4CFDCAE428F44421002DBF2D /* Score */ = {
			isa = PBXGroup;
			children = (
				4CFDCAE228F44107002DBF2D /* Score.swift */,
				4CFDCAE528F4442E002DBF2D /* ScoreRow.swift */,
			);
			path = Score;
			sourceTree = "<group>";
		};
/* End PBXGroup section */

/* Begin PBXNativeTarget section */
		4C3732DC1EBF8E8100A5785E /* MixTeam */ = {
			isa = PBXNativeTarget;
			buildConfigurationList = 4C3733071EBF8E8100A5785E /* Build configuration list for PBXNativeTarget "MixTeam" */;
			buildPhases = (
				4C3732D91EBF8E8100A5785E /* Sources */,
				4C3732DA1EBF8E8100A5785E /* Frameworks */,
				4C3732DB1EBF8E8100A5785E /* Resources */,
				4C3763C224A3DC8B00FA040B /* ShellScript */,
			);
			buildRules = (
			);
			dependencies = (
			);
			name = MixTeam;
			packageProductDependencies = (
				4C86575C255479C20040EA04 /* RenaudJennyAboutView */,
				4C75737F28F0ADC600A6E1EF /* ComposableArchitecture */,
				4C75738128F0ADC600A6E1EF /* Dependencies */,
			);
			productName = MixTeam;
			productReference = 4C3732DD1EBF8E8100A5785E /* MixTeam.app */;
			productType = "com.apple.product-type.application";
		};
		4C3732F21EBF8E8100A5785E /* MixTeamTests */ = {
			isa = PBXNativeTarget;
			buildConfigurationList = 4C37330A1EBF8E8100A5785E /* Build configuration list for PBXNativeTarget "MixTeamTests" */;
			buildPhases = (
				4C3732EF1EBF8E8100A5785E /* Sources */,
				4C3732F01EBF8E8100A5785E /* Frameworks */,
				4C3732F11EBF8E8100A5785E /* Resources */,
			);
			buildRules = (
			);
			dependencies = (
				4C3732F51EBF8E8100A5785E /* PBXTargetDependency */,
			);
			name = MixTeamTests;
			productName = MixTeamTests;
			productReference = 4C3732F31EBF8E8100A5785E /* MixTeamTests.xctest */;
			productType = "com.apple.product-type.bundle.unit-test";
		};
		4C3732FD1EBF8E8100A5785E /* MixTeamUITests */ = {
			isa = PBXNativeTarget;
			buildConfigurationList = 4C37330D1EBF8E8100A5785E /* Build configuration list for PBXNativeTarget "MixTeamUITests" */;
			buildPhases = (
				4C3732FA1EBF8E8100A5785E /* Sources */,
				4C3732FB1EBF8E8100A5785E /* Frameworks */,
				4C3732FC1EBF8E8100A5785E /* Resources */,
			);
			buildRules = (
			);
			dependencies = (
				4C3733001EBF8E8100A5785E /* PBXTargetDependency */,
			);
			name = MixTeamUITests;
			productName = MixTeamUITests;
			productReference = 4C3732FE1EBF8E8100A5785E /* MixTeamUITests.xctest */;
			productType = "com.apple.product-type.bundle.ui-testing";
		};
/* End PBXNativeTarget section */

/* Begin PBXProject section */
		4C3732D51EBF8E8100A5785E /* Project object */ = {
			isa = PBXProject;
			attributes = {
				LastSwiftUpdateCheck = 0830;
				LastUpgradeCheck = 1200;
				ORGANIZATIONNAME = "Renaud JENNY";
				TargetAttributes = {
					4C3732DC1EBF8E8100A5785E = {
						CreatedOnToolsVersion = 8.3.2;
						DevelopmentTeam = MBQ98GC8JT;
						LastSwiftMigration = 1140;
						ProvisioningStyle = Automatic;
					};
					4C3732F21EBF8E8100A5785E = {
						CreatedOnToolsVersion = 8.3.2;
						LastSwiftMigration = 1150;
						ProvisioningStyle = Automatic;
						TestTargetID = 4C3732DC1EBF8E8100A5785E;
					};
					4C3732FD1EBF8E8100A5785E = {
						CreatedOnToolsVersion = 8.3.2;
						LastSwiftMigration = 1140;
						ProvisioningStyle = Automatic;
						TestTargetID = 4C3732DC1EBF8E8100A5785E;
					};
				};
			};
			buildConfigurationList = 4C3732D81EBF8E8100A5785E /* Build configuration list for PBXProject "MixTeam" */;
			compatibilityVersion = "Xcode 3.2";
			developmentRegion = en;
			hasScannedForEncodings = 0;
			knownRegions = (
				en,
				Base,
			);
			mainGroup = 4C3732D41EBF8E8100A5785E;
			packageReferences = (
				4C86575B255479C20040EA04 /* XCRemoteSwiftPackageReference "RenaudJennyAboutView" */,
				4C75737E28F0ADC600A6E1EF /* XCRemoteSwiftPackageReference "swift-composable-architecture" */,
			);
			productRefGroup = 4C3732DE1EBF8E8100A5785E /* Products */;
			projectDirPath = "";
			projectRoot = "";
			targets = (
				4C3732DC1EBF8E8100A5785E /* MixTeam */,
				4C3732F21EBF8E8100A5785E /* MixTeamTests */,
				4C3732FD1EBF8E8100A5785E /* MixTeamUITests */,
			);
		};
/* End PBXProject section */

/* Begin PBXResourcesBuildPhase section */
		4C3732DB1EBF8E8100A5785E /* Resources */ = {
			isa = PBXResourcesBuildPhase;
			buildActionMask = 2147483647;
			files = (
				4C3732EA1EBF8E8100A5785E /* Assets.xcassets in Resources */,
			);
			runOnlyForDeploymentPostprocessing = 0;
		};
		4C3732F11EBF8E8100A5785E /* Resources */ = {
			isa = PBXResourcesBuildPhase;
			buildActionMask = 2147483647;
			files = (
			);
			runOnlyForDeploymentPostprocessing = 0;
		};
		4C3732FC1EBF8E8100A5785E /* Resources */ = {
			isa = PBXResourcesBuildPhase;
			buildActionMask = 2147483647;
			files = (
			);
			runOnlyForDeploymentPostprocessing = 0;
		};
/* End PBXResourcesBuildPhase section */

/* Begin PBXShellScriptBuildPhase section */
		4C3763C224A3DC8B00FA040B /* ShellScript */ = {
			isa = PBXShellScriptBuildPhase;
			buildActionMask = 2147483647;
			files = (
			);
			inputFileListPaths = (
			);
			inputPaths = (
			);
			outputFileListPaths = (
			);
			outputPaths = (
			);
			runOnlyForDeploymentPostprocessing = 0;
			shellPath = /bin/sh;
			shellScript = "export PATH=\"$PATH:/opt/homebrew/bin\"\nif which swiftlint >/dev/null; then\n  swiftlint\nelse\n  echo \"warning: SwiftLint not installed, download from https://github.com/realm/SwiftLint\"\nfi\n";
		};
/* End PBXShellScriptBuildPhase section */

/* Begin PBXSourcesBuildPhase section */
		4C3732D91EBF8E8100A5785E /* Sources */ = {
			isa = PBXSourcesBuildPhase;
			buildActionMask = 2147483647;
			files = (
				4CFDCADB28F224E1002DBF2D /* Standing.swift in Sources */,
				4CFDCAE128F40D16002DBF2D /* Scores.swift in Sources */,
				4C75737D28EF73D200A6E1EF /* MixTeamApp.swift in Sources */,
				4CBF593B268E502700BF23F7 /* TotalScoresView.swift in Sources */,
				4C38973E2495016900D6D182 /* EditTeamView.swift in Sources */,
				4C49458124BB14A700A7A81A /* AddSoftRemoveButton.swift in Sources */,
				4CBA6B22249E166600CA3851 /* EditPlayerView.swift in Sources */,
				4CB91CC224B7ADCD00B452D3 /* PlayerRow.swift in Sources */,
				4CC149D624BE5E4A00FBCE0C /* ImagePicker.swift in Sources */,
				4CCA0D2124980E5600E88F80 /* ImageIdentifier.swift in Sources */,
				4C75738528F0AE1200A6E1EF /* App.swift in Sources */,
				4C40AE161ECCD51E0079E964 /* Team.swift in Sources */,
				4CFDCAD828F200BC002DBF2D /* App+Example.swift in Sources */,
				4C1ED55824C82196005D6749 /* StandingView.swift in Sources */,
				4CAB7A7E268664A800C58254 /* RoundView.swift in Sources */,
				4C1ED56124D0B6F8005D6749 /* Splash.swift in Sources */,
				4CBF5937268E4ED800BF23F7 /* Binding+IntAsString.swift in Sources */,
				4CB91CC624B7B0DA00B452D3 /* TeamRow.swift in Sources */,
				4CFDCAD428F0B642002DBF2D /* Persistence.swift in Sources */,
				4C8E61002679399E00010C8B /* ScoreboardView.swift in Sources */,
				4C1ED55624C75C3C005D6749 /* Shadow.swift in Sources */,
				4CFDCADD28F2BAE3002DBF2D /* AlertState+NotEnoughTeams.swift in Sources */,
				4C5F13322472F88C007B9F3E /* MixTeamButtonStyle.swift in Sources */,
				4CB91CC424B7AF2D00B452D3 /* AddDashedCardStyle.swift in Sources */,
				4CFDCADF28F2BD8C002DBF2D /* ShufflePlayers.swift in Sources */,
				4C31072024E1941D0006FDC4 /* Splash2.swift in Sources */,
				4CAB7A81268714A800C58254 /* ForEach+Binding.swift in Sources */,
				4C7FE787245A166A0011E8AB /* AppView.swift in Sources */,
				4CBF5935268B016A00BF23F7 /* RoundRow.swift in Sources */,
				4CCA0D2324980E8A00E88F80 /* ColorIdentifier.swift in Sources */,
				4CBF5939268E4F2500BF23F7 /* Round.swift in Sources */,
				4CFDCAE628F4442E002DBF2D /* ScoreRow.swift in Sources */,
				4CFDCAE328F44107002DBF2D /* Score.swift in Sources */,
				4C3733161EBFAA8700A5785E /* Player.swift in Sources */,
			);
			runOnlyForDeploymentPostprocessing = 0;
		};
		4C3732EF1EBF8E8100A5785E /* Sources */ = {
			isa = PBXSourcesBuildPhase;
			buildActionMask = 2147483647;
			files = (
				4CBA6B20249D278700CA3851 /* MixTeamTests.swift in Sources */,
				4C3763C524A3DF5E00FA040B /* MixTeamLogicTests.swift in Sources */,
			);
			runOnlyForDeploymentPostprocessing = 0;
		};
		4C3732FA1EBF8E8100A5785E /* Sources */ = {
			isa = PBXSourcesBuildPhase;
			buildActionMask = 2147483647;
			files = (
				4C3733031EBF8E8100A5785E /* MixTeamUITests.swift in Sources */,
			);
			runOnlyForDeploymentPostprocessing = 0;
		};
/* End PBXSourcesBuildPhase section */

/* Begin PBXTargetDependency section */
		4C3732F51EBF8E8100A5785E /* PBXTargetDependency */ = {
			isa = PBXTargetDependency;
			target = 4C3732DC1EBF8E8100A5785E /* MixTeam */;
			targetProxy = 4C3732F41EBF8E8100A5785E /* PBXContainerItemProxy */;
		};
		4C3733001EBF8E8100A5785E /* PBXTargetDependency */ = {
			isa = PBXTargetDependency;
			target = 4C3732DC1EBF8E8100A5785E /* MixTeam */;
			targetProxy = 4C3732FF1EBF8E8100A5785E /* PBXContainerItemProxy */;
		};
/* End PBXTargetDependency section */

/* Begin XCBuildConfiguration section */
		4C3733051EBF8E8100A5785E /* Debug */ = {
			isa = XCBuildConfiguration;
			buildSettings = {
				ALWAYS_SEARCH_USER_PATHS = NO;
				CLANG_ANALYZER_LOCALIZABILITY_NONLOCALIZED = YES;
				CLANG_ANALYZER_NONNULL = YES;
				CLANG_ANALYZER_NUMBER_OBJECT_CONVERSION = YES_AGGRESSIVE;
				CLANG_CXX_LANGUAGE_STANDARD = "gnu++0x";
				CLANG_CXX_LIBRARY = "libc++";
				CLANG_ENABLE_MODULES = YES;
				CLANG_ENABLE_OBJC_ARC = YES;
				CLANG_WARN_BLOCK_CAPTURE_AUTORELEASING = YES;
				CLANG_WARN_BOOL_CONVERSION = YES;
				CLANG_WARN_COMMA = YES;
				CLANG_WARN_CONSTANT_CONVERSION = YES;
				CLANG_WARN_DEPRECATED_OBJC_IMPLEMENTATIONS = YES;
				CLANG_WARN_DIRECT_OBJC_ISA_USAGE = YES_ERROR;
				CLANG_WARN_DOCUMENTATION_COMMENTS = YES;
				CLANG_WARN_EMPTY_BODY = YES;
				CLANG_WARN_ENUM_CONVERSION = YES;
				CLANG_WARN_INFINITE_RECURSION = YES;
				CLANG_WARN_INT_CONVERSION = YES;
				CLANG_WARN_NON_LITERAL_NULL_CONVERSION = YES;
				CLANG_WARN_OBJC_IMPLICIT_RETAIN_SELF = YES;
				CLANG_WARN_OBJC_LITERAL_CONVERSION = YES;
				CLANG_WARN_OBJC_ROOT_CLASS = YES_ERROR;
				CLANG_WARN_QUOTED_INCLUDE_IN_FRAMEWORK_HEADER = YES;
				CLANG_WARN_RANGE_LOOP_ANALYSIS = YES;
				CLANG_WARN_STRICT_PROTOTYPES = YES;
				CLANG_WARN_SUSPICIOUS_MOVE = YES;
				CLANG_WARN_UNREACHABLE_CODE = YES;
				CLANG_WARN__DUPLICATE_METHOD_MATCH = YES;
				"CODE_SIGN_IDENTITY[sdk=iphoneos*]" = "iPhone Developer";
				COPY_PHASE_STRIP = NO;
				DEBUG_INFORMATION_FORMAT = dwarf;
				ENABLE_STRICT_OBJC_MSGSEND = YES;
				ENABLE_TESTABILITY = YES;
				GCC_C_LANGUAGE_STANDARD = gnu99;
				GCC_DYNAMIC_NO_PIC = NO;
				GCC_NO_COMMON_BLOCKS = YES;
				GCC_OPTIMIZATION_LEVEL = 0;
				GCC_PREPROCESSOR_DEFINITIONS = (
					"DEBUG=1",
					"$(inherited)",
				);
				GCC_WARN_64_TO_32_BIT_CONVERSION = YES;
				GCC_WARN_ABOUT_RETURN_TYPE = YES_ERROR;
				GCC_WARN_UNDECLARED_SELECTOR = YES;
				GCC_WARN_UNINITIALIZED_AUTOS = YES_AGGRESSIVE;
				GCC_WARN_UNUSED_FUNCTION = YES;
				GCC_WARN_UNUSED_VARIABLE = YES;
				IPHONEOS_DEPLOYMENT_TARGET = 15.6;
				MTL_ENABLE_DEBUG_INFO = YES;
				ONLY_ACTIVE_ARCH = YES;
				SDKROOT = iphoneos;
				SWIFT_ACTIVE_COMPILATION_CONDITIONS = DEBUG;
				SWIFT_OPTIMIZATION_LEVEL = "-Onone";
				TARGETED_DEVICE_FAMILY = "1,2";
			};
			name = Debug;
		};
		4C3733061EBF8E8100A5785E /* Release */ = {
			isa = XCBuildConfiguration;
			buildSettings = {
				ALWAYS_SEARCH_USER_PATHS = NO;
				CLANG_ANALYZER_LOCALIZABILITY_NONLOCALIZED = YES;
				CLANG_ANALYZER_NONNULL = YES;
				CLANG_ANALYZER_NUMBER_OBJECT_CONVERSION = YES_AGGRESSIVE;
				CLANG_CXX_LANGUAGE_STANDARD = "gnu++0x";
				CLANG_CXX_LIBRARY = "libc++";
				CLANG_ENABLE_MODULES = YES;
				CLANG_ENABLE_OBJC_ARC = YES;
				CLANG_WARN_BLOCK_CAPTURE_AUTORELEASING = YES;
				CLANG_WARN_BOOL_CONVERSION = YES;
				CLANG_WARN_COMMA = YES;
				CLANG_WARN_CONSTANT_CONVERSION = YES;
				CLANG_WARN_DEPRECATED_OBJC_IMPLEMENTATIONS = YES;
				CLANG_WARN_DIRECT_OBJC_ISA_USAGE = YES_ERROR;
				CLANG_WARN_DOCUMENTATION_COMMENTS = YES;
				CLANG_WARN_EMPTY_BODY = YES;
				CLANG_WARN_ENUM_CONVERSION = YES;
				CLANG_WARN_INFINITE_RECURSION = YES;
				CLANG_WARN_INT_CONVERSION = YES;
				CLANG_WARN_NON_LITERAL_NULL_CONVERSION = YES;
				CLANG_WARN_OBJC_IMPLICIT_RETAIN_SELF = YES;
				CLANG_WARN_OBJC_LITERAL_CONVERSION = YES;
				CLANG_WARN_OBJC_ROOT_CLASS = YES_ERROR;
				CLANG_WARN_QUOTED_INCLUDE_IN_FRAMEWORK_HEADER = YES;
				CLANG_WARN_RANGE_LOOP_ANALYSIS = YES;
				CLANG_WARN_STRICT_PROTOTYPES = YES;
				CLANG_WARN_SUSPICIOUS_MOVE = YES;
				CLANG_WARN_UNREACHABLE_CODE = YES;
				CLANG_WARN__DUPLICATE_METHOD_MATCH = YES;
				"CODE_SIGN_IDENTITY[sdk=iphoneos*]" = "iPhone Developer";
				COPY_PHASE_STRIP = NO;
				DEBUG_INFORMATION_FORMAT = "dwarf-with-dsym";
				ENABLE_NS_ASSERTIONS = NO;
				ENABLE_STRICT_OBJC_MSGSEND = YES;
				GCC_C_LANGUAGE_STANDARD = gnu99;
				GCC_NO_COMMON_BLOCKS = YES;
				GCC_WARN_64_TO_32_BIT_CONVERSION = YES;
				GCC_WARN_ABOUT_RETURN_TYPE = YES_ERROR;
				GCC_WARN_UNDECLARED_SELECTOR = YES;
				GCC_WARN_UNINITIALIZED_AUTOS = YES_AGGRESSIVE;
				GCC_WARN_UNUSED_FUNCTION = YES;
				GCC_WARN_UNUSED_VARIABLE = YES;
				IPHONEOS_DEPLOYMENT_TARGET = 15.6;
				MTL_ENABLE_DEBUG_INFO = NO;
				SDKROOT = iphoneos;
				SWIFT_COMPILATION_MODE = wholemodule;
				SWIFT_OPTIMIZATION_LEVEL = "-O";
				TARGETED_DEVICE_FAMILY = "1,2";
				VALIDATE_PRODUCT = YES;
			};
			name = Release;
		};
		4C3733081EBF8E8100A5785E /* Debug */ = {
			isa = XCBuildConfiguration;
			buildSettings = {
				ASSETCATALOG_COMPILER_APPICON_NAME = AppIcon;
				DEVELOPMENT_TEAM = MBQ98GC8JT;
				INFOPLIST_FILE = MixTeam/Info.plist;
				LD_RUNPATH_SEARCH_PATHS = (
					"$(inherited)",
					"@executable_path/Frameworks",
				);
				MARKETING_VERSION = 2.2.0;
				PRODUCT_BUNDLE_IDENTIFIER = renaud.jenny.MixTeam;
				PRODUCT_NAME = "$(TARGET_NAME)";
				SWIFT_SWIFT3_OBJC_INFERENCE = Default;
				SWIFT_VERSION = 5.0;
			};
			name = Debug;
		};
		4C3733091EBF8E8100A5785E /* Release */ = {
			isa = XCBuildConfiguration;
			buildSettings = {
				ASSETCATALOG_COMPILER_APPICON_NAME = AppIcon;
				DEVELOPMENT_TEAM = MBQ98GC8JT;
				INFOPLIST_FILE = MixTeam/Info.plist;
				LD_RUNPATH_SEARCH_PATHS = (
					"$(inherited)",
					"@executable_path/Frameworks",
				);
				MARKETING_VERSION = 2.2.0;
				PRODUCT_BUNDLE_IDENTIFIER = renaud.jenny.MixTeam;
				PRODUCT_NAME = "$(TARGET_NAME)";
				SWIFT_SWIFT3_OBJC_INFERENCE = Default;
				SWIFT_VERSION = 5.0;
			};
			name = Release;
		};
		4C37330B1EBF8E8100A5785E /* Debug */ = {
			isa = XCBuildConfiguration;
			buildSettings = {
				ALWAYS_EMBED_SWIFT_STANDARD_LIBRARIES = YES;
				BUNDLE_LOADER = "$(TEST_HOST)";
				CLANG_ENABLE_MODULES = YES;
				INFOPLIST_FILE = MixTeamTests/Info.plist;
				LD_RUNPATH_SEARCH_PATHS = (
					"$(inherited)",
					"@executable_path/Frameworks",
					"@loader_path/Frameworks",
				);
				PRODUCT_BUNDLE_IDENTIFIER = renaud.jenny.MixTeamTests;
				PRODUCT_NAME = "$(TARGET_NAME)";
				SWIFT_OPTIMIZATION_LEVEL = "-Onone";
				SWIFT_SWIFT3_OBJC_INFERENCE = Default;
				SWIFT_VERSION = 5.0;
				TEST_HOST = "$(BUILT_PRODUCTS_DIR)/MixTeam.app/MixTeam";
			};
			name = Debug;
		};
		4C37330C1EBF8E8100A5785E /* Release */ = {
			isa = XCBuildConfiguration;
			buildSettings = {
				ALWAYS_EMBED_SWIFT_STANDARD_LIBRARIES = YES;
				BUNDLE_LOADER = "$(TEST_HOST)";
				CLANG_ENABLE_MODULES = YES;
				INFOPLIST_FILE = MixTeamTests/Info.plist;
				LD_RUNPATH_SEARCH_PATHS = (
					"$(inherited)",
					"@executable_path/Frameworks",
					"@loader_path/Frameworks",
				);
				PRODUCT_BUNDLE_IDENTIFIER = renaud.jenny.MixTeamTests;
				PRODUCT_NAME = "$(TARGET_NAME)";
				SWIFT_SWIFT3_OBJC_INFERENCE = Default;
				SWIFT_VERSION = 5.0;
				TEST_HOST = "$(BUILT_PRODUCTS_DIR)/MixTeam.app/MixTeam";
			};
			name = Release;
		};
		4C37330E1EBF8E8100A5785E /* Debug */ = {
			isa = XCBuildConfiguration;
			buildSettings = {
				ALWAYS_EMBED_SWIFT_STANDARD_LIBRARIES = YES;
				INFOPLIST_FILE = MixTeamUITests/Info.plist;
				LD_RUNPATH_SEARCH_PATHS = (
					"$(inherited)",
					"@executable_path/Frameworks",
					"@loader_path/Frameworks",
				);
				PRODUCT_BUNDLE_IDENTIFIER = renaud.jenny.MixTeamUITests;
				PRODUCT_NAME = "$(TARGET_NAME)";
				SWIFT_SWIFT3_OBJC_INFERENCE = Default;
				SWIFT_VERSION = 5.0;
				TEST_TARGET_NAME = MixTeam;
			};
			name = Debug;
		};
		4C37330F1EBF8E8100A5785E /* Release */ = {
			isa = XCBuildConfiguration;
			buildSettings = {
				ALWAYS_EMBED_SWIFT_STANDARD_LIBRARIES = YES;
				INFOPLIST_FILE = MixTeamUITests/Info.plist;
				LD_RUNPATH_SEARCH_PATHS = (
					"$(inherited)",
					"@executable_path/Frameworks",
					"@loader_path/Frameworks",
				);
				PRODUCT_BUNDLE_IDENTIFIER = renaud.jenny.MixTeamUITests;
				PRODUCT_NAME = "$(TARGET_NAME)";
				SWIFT_SWIFT3_OBJC_INFERENCE = Default;
				SWIFT_VERSION = 5.0;
				TEST_TARGET_NAME = MixTeam;
			};
			name = Release;
		};
/* End XCBuildConfiguration section */

/* Begin XCConfigurationList section */
		4C3732D81EBF8E8100A5785E /* Build configuration list for PBXProject "MixTeam" */ = {
			isa = XCConfigurationList;
			buildConfigurations = (
				4C3733051EBF8E8100A5785E /* Debug */,
				4C3733061EBF8E8100A5785E /* Release */,
			);
			defaultConfigurationIsVisible = 0;
			defaultConfigurationName = Release;
		};
		4C3733071EBF8E8100A5785E /* Build configuration list for PBXNativeTarget "MixTeam" */ = {
			isa = XCConfigurationList;
			buildConfigurations = (
				4C3733081EBF8E8100A5785E /* Debug */,
				4C3733091EBF8E8100A5785E /* Release */,
			);
			defaultConfigurationIsVisible = 0;
			defaultConfigurationName = Release;
		};
		4C37330A1EBF8E8100A5785E /* Build configuration list for PBXNativeTarget "MixTeamTests" */ = {
			isa = XCConfigurationList;
			buildConfigurations = (
				4C37330B1EBF8E8100A5785E /* Debug */,
				4C37330C1EBF8E8100A5785E /* Release */,
			);
			defaultConfigurationIsVisible = 0;
			defaultConfigurationName = Release;
		};
		4C37330D1EBF8E8100A5785E /* Build configuration list for PBXNativeTarget "MixTeamUITests" */ = {
			isa = XCConfigurationList;
			buildConfigurations = (
				4C37330E1EBF8E8100A5785E /* Debug */,
				4C37330F1EBF8E8100A5785E /* Release */,
			);
			defaultConfigurationIsVisible = 0;
			defaultConfigurationName = Release;
		};
/* End XCConfigurationList section */

/* Begin XCRemoteSwiftPackageReference section */
		4C75737E28F0ADC600A6E1EF /* XCRemoteSwiftPackageReference "swift-composable-architecture" */ = {
			isa = XCRemoteSwiftPackageReference;
			repositoryURL = "https://github.com/pointfreeco/swift-composable-architecture";
			requirement = {
				branch = main;
				kind = branch;
			};
		};
		4C86575B255479C20040EA04 /* XCRemoteSwiftPackageReference "RenaudJennyAboutView" */ = {
			isa = XCRemoteSwiftPackageReference;
			repositoryURL = "https://github.com/renaudjenny/RenaudJennyAboutView";
			requirement = {
				branch = main;
				kind = branch;
			};
		};
/* End XCRemoteSwiftPackageReference section */

/* Begin XCSwiftPackageProductDependency section */
		4C75737F28F0ADC600A6E1EF /* ComposableArchitecture */ = {
			isa = XCSwiftPackageProductDependency;
			package = 4C75737E28F0ADC600A6E1EF /* XCRemoteSwiftPackageReference "swift-composable-architecture" */;
			productName = ComposableArchitecture;
		};
		4C75738128F0ADC600A6E1EF /* Dependencies */ = {
			isa = XCSwiftPackageProductDependency;
			package = 4C75737E28F0ADC600A6E1EF /* XCRemoteSwiftPackageReference "swift-composable-architecture" */;
			productName = Dependencies;
		};
		4C86575C255479C20040EA04 /* RenaudJennyAboutView */ = {
			isa = XCSwiftPackageProductDependency;
			package = 4C86575B255479C20040EA04 /* XCRemoteSwiftPackageReference "RenaudJennyAboutView" */;
			productName = RenaudJennyAboutView;
		};
/* End XCSwiftPackageProductDependency section */
	};
	rootObject = 4C3732D51EBF8E8100A5785E /* Project object */;
}
