// !$*UTF8*$!
{
	archiveVersion = 1;
	classes = {
	};
	objectVersion = 46;
	objects = {

/* Begin PBXBuildFile section */
		4C0DD03F1EC06B020017EF12 /* PlayerLogoCollectionViewController.swift in Sources */ = {isa = PBXBuildFile; fileRef = 4C0DD03E1EC06B020017EF12 /* PlayerLogoCollectionViewController.swift */; };
		4C2A88D51F4A24E8003E6DBC /* TeamHeaderView.swift in Sources */ = {isa = PBXBuildFile; fileRef = 4C2A88D41F4A24E8003E6DBC /* TeamHeaderView.swift */; };
		4C2A88D71F4A27A6003E6DBC /* TeamHeaderView.xib in Resources */ = {isa = PBXBuildFile; fileRef = 4C2A88D61F4A27A6003E6DBC /* TeamHeaderView.xib */; };
		4C2A88D91F599744003E6DBC /* PlayerTableViewCell.swift in Sources */ = {isa = PBXBuildFile; fileRef = 4C2A88D81F599744003E6DBC /* PlayerTableViewCell.swift */; };
		4C3732E11EBF8E8100A5785E /* AppDelegate.swift in Sources */ = {isa = PBXBuildFile; fileRef = 4C3732E01EBF8E8100A5785E /* AppDelegate.swift */; };
		4C3732E81EBF8E8100A5785E /* Main.storyboard in Resources */ = {isa = PBXBuildFile; fileRef = 4C3732E61EBF8E8100A5785E /* Main.storyboard */; };
		4C3732EA1EBF8E8100A5785E /* Assets.xcassets in Resources */ = {isa = PBXBuildFile; fileRef = 4C3732E91EBF8E8100A5785E /* Assets.xcassets */; };
		4C3732ED1EBF8E8100A5785E /* LaunchScreen.storyboard in Resources */ = {isa = PBXBuildFile; fileRef = 4C3732EB1EBF8E8100A5785E /* LaunchScreen.storyboard */; };
		4C3732F81EBF8E8100A5785E /* MixTeamTests.swift in Sources */ = {isa = PBXBuildFile; fileRef = 4C3732F71EBF8E8100A5785E /* MixTeamTests.swift */; };
		4C3733031EBF8E8100A5785E /* MixTeamUITests.swift in Sources */ = {isa = PBXBuildFile; fileRef = 4C3733021EBF8E8100A5785E /* MixTeamUITests.swift */; };
		4C3733111EBF968900A5785E /* AddPlayerViewController.swift in Sources */ = {isa = PBXBuildFile; fileRef = 4C3733101EBF968900A5785E /* AddPlayerViewController.swift */; };
		4C3733131EBFA35C00A5785E /* Players.storyboard in Resources */ = {isa = PBXBuildFile; fileRef = 4C3733121EBFA35C00A5785E /* Players.storyboard */; };
		4C3733161EBFAA8700A5785E /* Player.swift in Sources */ = {isa = PBXBuildFile; fileRef = 4C3733151EBFAA8700A5785E /* Player.swift */; };
		4C3733181EBFAC3A00A5785E /* PlayersTableViewController.swift in Sources */ = {isa = PBXBuildFile; fileRef = 4C3733171EBFAC3A00A5785E /* PlayersTableViewController.swift */; };
		4C37331A1EBFC4EF00A5785E /* EditPlayerViewController.swift in Sources */ = {isa = PBXBuildFile; fileRef = 4C3733191EBFC4EF00A5785E /* EditPlayerViewController.swift */; };
		4C40AE111EC0DA950079E964 /* UXUtils.swift in Sources */ = {isa = PBXBuildFile; fileRef = 4C40AE101EC0DA950079E964 /* UXUtils.swift */; };
		4C40AE141EC3AF0E0079E964 /* Teams.storyboard in Resources */ = {isa = PBXBuildFile; fileRef = 4C40AE131EC3AF0E0079E964 /* Teams.storyboard */; };
		4C40AE161ECCD51E0079E964 /* Team.swift in Sources */ = {isa = PBXBuildFile; fileRef = 4C40AE151ECCD51E0079E964 /* Team.swift */; };
		4C40AE181ECCDF8E0079E964 /* AddTeamViewController.swift in Sources */ = {isa = PBXBuildFile; fileRef = 4C40AE171ECCDF8E0079E964 /* AddTeamViewController.swift */; };
		4C40AE1A1ED9D2080079E964 /* TeamsTableViewController.swift in Sources */ = {isa = PBXBuildFile; fileRef = 4C40AE191ED9D2080079E964 /* TeamsTableViewController.swift */; };
		4C87E51E1F1FF4BC00AEFA36 /* TeamLogoCollectionViewController.swift in Sources */ = {isa = PBXBuildFile; fileRef = 4C87E51D1F1FF4BC00AEFA36 /* TeamLogoCollectionViewController.swift */; };
		4C87E5201F1FF77200AEFA36 /* EditTeamViewController.swift in Sources */ = {isa = PBXBuildFile; fileRef = 4C87E51F1F1FF77200AEFA36 /* EditTeamViewController.swift */; };
		4C8BF66F1F952D4200DA4B18 /* players.json in Resources */ = {isa = PBXBuildFile; fileRef = 4C8BF66E1F952D4200DA4B18 /* players.json */; };
		4C9CBD411F16BB24004A48E5 /* TeamsTests.swift in Sources */ = {isa = PBXBuildFile; fileRef = 4C9CBD401F16BB24004A48E5 /* TeamsTests.swift */; };
		4CD9A2EE1F3510AC0080AE46 /* PlayerPersistanceTests.swift in Sources */ = {isa = PBXBuildFile; fileRef = 4CD9A2ED1F3510AC0080AE46 /* PlayerPersistanceTests.swift */; };
		4CEB74FE1EEF358B00E4DEFA /* UXUtilsTests.swift in Sources */ = {isa = PBXBuildFile; fileRef = 4CEB74FD1EEF358B00E4DEFA /* UXUtilsTests.swift */; };
		4CEB75011EEF373A00E4DEFA /* PlayerTests.swift in Sources */ = {isa = PBXBuildFile; fileRef = 4CEB75001EEF373A00E4DEFA /* PlayerTests.swift */; };
		4CEB75061EFFE90800E4DEFA /* teams.json in Resources */ = {isa = PBXBuildFile; fileRef = 4CEB75051EFFE90800E4DEFA /* teams.json */; };
		4CEECE921F180D2A005C07F0 /* TeamsPersistenceTests.swift in Sources */ = {isa = PBXBuildFile; fileRef = 4CEECE911F180D2A005C07F0 /* TeamsPersistenceTests.swift */; };
		4CEF9D491F8A999100E34083 /* JSONUtils.swift in Sources */ = {isa = PBXBuildFile; fileRef = 4CEF9D481F8A999100E34083 /* JSONUtils.swift */; };
		4CF9D2FB1F6436D7009879E4 /* LogoCollectionViewCell.swift in Sources */ = {isa = PBXBuildFile; fileRef = 4CF9D2FA1F6436D7009879E4 /* LogoCollectionViewCell.swift */; };
/* End PBXBuildFile section */

/* Begin PBXContainerItemProxy section */
		4C3732F41EBF8E8100A5785E /* PBXContainerItemProxy */ = {
			isa = PBXContainerItemProxy;
			containerPortal = 4C3732D51EBF8E8100A5785E /* Project object */;
			proxyType = 1;
			remoteGlobalIDString = 4C3732DC1EBF8E8100A5785E;
			remoteInfo = MixTeam;
		};
		4C3732FF1EBF8E8100A5785E /* PBXContainerItemProxy */ = {
			isa = PBXContainerItemProxy;
			containerPortal = 4C3732D51EBF8E8100A5785E /* Project object */;
			proxyType = 1;
			remoteGlobalIDString = 4C3732DC1EBF8E8100A5785E;
			remoteInfo = MixTeam;
		};
/* End PBXContainerItemProxy section */

/* Begin PBXFileReference section */
		4C0DD03E1EC06B020017EF12 /* PlayerLogoCollectionViewController.swift */ = {isa = PBXFileReference; fileEncoding = 4; lastKnownFileType = sourcecode.swift; path = PlayerLogoCollectionViewController.swift; sourceTree = "<group>"; };
		4C2A88D41F4A24E8003E6DBC /* TeamHeaderView.swift */ = {isa = PBXFileReference; fileEncoding = 4; lastKnownFileType = sourcecode.swift; path = TeamHeaderView.swift; sourceTree = "<group>"; };
		4C2A88D61F4A27A6003E6DBC /* TeamHeaderView.xib */ = {isa = PBXFileReference; fileEncoding = 4; lastKnownFileType = file.xib; path = TeamHeaderView.xib; sourceTree = "<group>"; };
		4C2A88D81F599744003E6DBC /* PlayerTableViewCell.swift */ = {isa = PBXFileReference; fileEncoding = 4; lastKnownFileType = sourcecode.swift; path = PlayerTableViewCell.swift; sourceTree = "<group>"; };
		4C3732DD1EBF8E8100A5785E /* MixTeam.app */ = {isa = PBXFileReference; explicitFileType = wrapper.application; includeInIndex = 0; path = MixTeam.app; sourceTree = BUILT_PRODUCTS_DIR; };
		4C3732E01EBF8E8100A5785E /* AppDelegate.swift */ = {isa = PBXFileReference; lastKnownFileType = sourcecode.swift; path = AppDelegate.swift; sourceTree = "<group>"; };
		4C3732E71EBF8E8100A5785E /* Base */ = {isa = PBXFileReference; lastKnownFileType = file.storyboard; name = Base; path = Base.lproj/Main.storyboard; sourceTree = "<group>"; };
		4C3732E91EBF8E8100A5785E /* Assets.xcassets */ = {isa = PBXFileReference; lastKnownFileType = folder.assetcatalog; path = Assets.xcassets; sourceTree = "<group>"; };
		4C3732EC1EBF8E8100A5785E /* Base */ = {isa = PBXFileReference; lastKnownFileType = file.storyboard; name = Base; path = Base.lproj/LaunchScreen.storyboard; sourceTree = "<group>"; };
		4C3732EE1EBF8E8100A5785E /* Info.plist */ = {isa = PBXFileReference; lastKnownFileType = text.plist.xml; path = Info.plist; sourceTree = "<group>"; };
		4C3732F31EBF8E8100A5785E /* MixTeamTests.xctest */ = {isa = PBXFileReference; explicitFileType = wrapper.cfbundle; includeInIndex = 0; path = MixTeamTests.xctest; sourceTree = BUILT_PRODUCTS_DIR; };
		4C3732F71EBF8E8100A5785E /* MixTeamTests.swift */ = {isa = PBXFileReference; lastKnownFileType = sourcecode.swift; path = MixTeamTests.swift; sourceTree = "<group>"; };
		4C3732F91EBF8E8100A5785E /* Info.plist */ = {isa = PBXFileReference; lastKnownFileType = text.plist.xml; path = Info.plist; sourceTree = "<group>"; };
		4C3732FE1EBF8E8100A5785E /* MixTeamUITests.xctest */ = {isa = PBXFileReference; explicitFileType = wrapper.cfbundle; includeInIndex = 0; path = MixTeamUITests.xctest; sourceTree = BUILT_PRODUCTS_DIR; };
		4C3733021EBF8E8100A5785E /* MixTeamUITests.swift */ = {isa = PBXFileReference; lastKnownFileType = sourcecode.swift; path = MixTeamUITests.swift; sourceTree = "<group>"; };
		4C3733041EBF8E8100A5785E /* Info.plist */ = {isa = PBXFileReference; lastKnownFileType = text.plist.xml; path = Info.plist; sourceTree = "<group>"; };
		4C3733101EBF968900A5785E /* AddPlayerViewController.swift */ = {isa = PBXFileReference; fileEncoding = 4; lastKnownFileType = sourcecode.swift; path = AddPlayerViewController.swift; sourceTree = "<group>"; };
		4C3733121EBFA35C00A5785E /* Players.storyboard */ = {isa = PBXFileReference; fileEncoding = 4; lastKnownFileType = file.storyboard; path = Players.storyboard; sourceTree = "<group>"; };
		4C3733151EBFAA8700A5785E /* Player.swift */ = {isa = PBXFileReference; fileEncoding = 4; lastKnownFileType = sourcecode.swift; path = Player.swift; sourceTree = "<group>"; };
		4C3733171EBFAC3A00A5785E /* PlayersTableViewController.swift */ = {isa = PBXFileReference; fileEncoding = 4; lastKnownFileType = sourcecode.swift; path = PlayersTableViewController.swift; sourceTree = "<group>"; };
		4C3733191EBFC4EF00A5785E /* EditPlayerViewController.swift */ = {isa = PBXFileReference; fileEncoding = 4; lastKnownFileType = sourcecode.swift; path = EditPlayerViewController.swift; sourceTree = "<group>"; };
		4C40AE101EC0DA950079E964 /* UXUtils.swift */ = {isa = PBXFileReference; fileEncoding = 4; lastKnownFileType = sourcecode.swift; path = UXUtils.swift; sourceTree = "<group>"; };
		4C40AE131EC3AF0E0079E964 /* Teams.storyboard */ = {isa = PBXFileReference; fileEncoding = 4; lastKnownFileType = file.storyboard; path = Teams.storyboard; sourceTree = "<group>"; };
		4C40AE151ECCD51E0079E964 /* Team.swift */ = {isa = PBXFileReference; fileEncoding = 4; lastKnownFileType = sourcecode.swift; path = Team.swift; sourceTree = "<group>"; };
		4C40AE171ECCDF8E0079E964 /* AddTeamViewController.swift */ = {isa = PBXFileReference; fileEncoding = 4; lastKnownFileType = sourcecode.swift; path = AddTeamViewController.swift; sourceTree = "<group>"; };
		4C40AE191ED9D2080079E964 /* TeamsTableViewController.swift */ = {isa = PBXFileReference; fileEncoding = 4; lastKnownFileType = sourcecode.swift; path = TeamsTableViewController.swift; sourceTree = "<group>"; };
		4C87E51D1F1FF4BC00AEFA36 /* TeamLogoCollectionViewController.swift */ = {isa = PBXFileReference; fileEncoding = 4; lastKnownFileType = sourcecode.swift; path = TeamLogoCollectionViewController.swift; sourceTree = "<group>"; };
		4C87E51F1F1FF77200AEFA36 /* EditTeamViewController.swift */ = {isa = PBXFileReference; fileEncoding = 4; lastKnownFileType = sourcecode.swift; path = EditTeamViewController.swift; sourceTree = "<group>"; };
		4C8BF66E1F952D4200DA4B18 /* players.json */ = {isa = PBXFileReference; fileEncoding = 4; lastKnownFileType = text.json; path = players.json; sourceTree = "<group>"; };
		4C9CBD401F16BB24004A48E5 /* TeamsTests.swift */ = {isa = PBXFileReference; fileEncoding = 4; lastKnownFileType = sourcecode.swift; path = TeamsTests.swift; sourceTree = "<group>"; };
		4CD9A2ED1F3510AC0080AE46 /* PlayerPersistanceTests.swift */ = {isa = PBXFileReference; fileEncoding = 4; lastKnownFileType = sourcecode.swift; path = PlayerPersistanceTests.swift; sourceTree = "<group>"; };
		4CEB74FD1EEF358B00E4DEFA /* UXUtilsTests.swift */ = {isa = PBXFileReference; fileEncoding = 4; lastKnownFileType = sourcecode.swift; path = UXUtilsTests.swift; sourceTree = "<group>"; };
		4CEB75001EEF373A00E4DEFA /* PlayerTests.swift */ = {isa = PBXFileReference; fileEncoding = 4; lastKnownFileType = sourcecode.swift; path = PlayerTests.swift; sourceTree = "<group>"; };
		4CEB75051EFFE90800E4DEFA /* teams.json */ = {isa = PBXFileReference; fileEncoding = 4; lastKnownFileType = text.json; path = teams.json; sourceTree = "<group>"; };
		4CEECE911F180D2A005C07F0 /* TeamsPersistenceTests.swift */ = {isa = PBXFileReference; fileEncoding = 4; lastKnownFileType = sourcecode.swift; path = TeamsPersistenceTests.swift; sourceTree = "<group>"; };
		4CEF9D481F8A999100E34083 /* JSONUtils.swift */ = {isa = PBXFileReference; lastKnownFileType = sourcecode.swift; path = JSONUtils.swift; sourceTree = "<group>"; };
		4CF9D2FA1F6436D7009879E4 /* LogoCollectionViewCell.swift */ = {isa = PBXFileReference; fileEncoding = 4; lastKnownFileType = sourcecode.swift; path = LogoCollectionViewCell.swift; sourceTree = "<group>"; };
/* End PBXFileReference section */

/* Begin PBXFrameworksBuildPhase section */
		4C3732DA1EBF8E8100A5785E /* Frameworks */ = {
			isa = PBXFrameworksBuildPhase;
			buildActionMask = 2147483647;
			files = (
			);
			runOnlyForDeploymentPostprocessing = 0;
		};
		4C3732F01EBF8E8100A5785E /* Frameworks */ = {
			isa = PBXFrameworksBuildPhase;
			buildActionMask = 2147483647;
			files = (
			);
			runOnlyForDeploymentPostprocessing = 0;
		};
		4C3732FB1EBF8E8100A5785E /* Frameworks */ = {
			isa = PBXFrameworksBuildPhase;
			buildActionMask = 2147483647;
			files = (
			);
			runOnlyForDeploymentPostprocessing = 0;
		};
/* End PBXFrameworksBuildPhase section */

/* Begin PBXGroup section */
		4C2A88D11F4A1D94003E6DBC /* Custom Cells */ = {
			isa = PBXGroup;
			children = (
				4CF9D2FA1F6436D7009879E4 /* LogoCollectionViewCell.swift */,
				4C2A88D81F599744003E6DBC /* PlayerTableViewCell.swift */,
				4C2A88D41F4A24E8003E6DBC /* TeamHeaderView.swift */,
				4C2A88D61F4A27A6003E6DBC /* TeamHeaderView.xib */,
			);
			name = "Custom Cells";
			sourceTree = "<group>";
		};
		4C3732D41EBF8E8100A5785E = {
			isa = PBXGroup;
			children = (
				4C3732DF1EBF8E8100A5785E /* MixTeam */,
				4C3732F61EBF8E8100A5785E /* MixTeamTests */,
				4C3733011EBF8E8100A5785E /* MixTeamUITests */,
				4C3732DE1EBF8E8100A5785E /* Products */,
			);
			sourceTree = "<group>";
		};
		4C3732DE1EBF8E8100A5785E /* Products */ = {
			isa = PBXGroup;
			children = (
				4C3732DD1EBF8E8100A5785E /* MixTeam.app */,
				4C3732F31EBF8E8100A5785E /* MixTeamTests.xctest */,
				4C3732FE1EBF8E8100A5785E /* MixTeamUITests.xctest */,
			);
			name = Products;
			sourceTree = "<group>";
		};
		4C3732DF1EBF8E8100A5785E /* MixTeam */ = {
			isa = PBXGroup;
			children = (
				4C3732E01EBF8E8100A5785E /* AppDelegate.swift */,
				4C3732E91EBF8E8100A5785E /* Assets.xcassets */,
				4C3732EE1EBF8E8100A5785E /* Info.plist */,
				4C3732EB1EBF8E8100A5785E /* LaunchScreen.storyboard */,
				4C3732E61EBF8E8100A5785E /* Main.storyboard */,
				4C3733141EBFA37900A5785E /* Players */,
				4CEB75021EFFE8D700E4DEFA /* Resources */,
				4C40AE121EC3AEDB0079E964 /* Teams */,
				4CEF9D471F8A972B00E34083 /* Utils */,
			);
			path = MixTeam;
			sourceTree = "<group>";
		};
		4C3732F61EBF8E8100A5785E /* MixTeamTests */ = {
			isa = PBXGroup;
			children = (
				4C9CBD3F1F16BAF8004A48E5 /* Teams */,
				4CEB74FF1EEF372600E4DEFA /* Players */,
				4C3732F71EBF8E8100A5785E /* MixTeamTests.swift */,
				4C3732F91EBF8E8100A5785E /* Info.plist */,
				4CEB74FD1EEF358B00E4DEFA /* UXUtilsTests.swift */,
			);
			path = MixTeamTests;
			sourceTree = "<group>";
		};
		4C3733011EBF8E8100A5785E /* MixTeamUITests */ = {
			isa = PBXGroup;
			children = (
				4C3733021EBF8E8100A5785E /* MixTeamUITests.swift */,
				4C3733041EBF8E8100A5785E /* Info.plist */,
			);
			path = MixTeamUITests;
			sourceTree = "<group>";
		};
		4C3733141EBFA37900A5785E /* Players */ = {
			isa = PBXGroup;
			children = (
				4C3733101EBF968900A5785E /* AddPlayerViewController.swift */,
				4C2A88D11F4A1D94003E6DBC /* Custom Cells */,
				4C3733191EBFC4EF00A5785E /* EditPlayerViewController.swift */,
				4C3733151EBFAA8700A5785E /* Player.swift */,
				4C0DD03E1EC06B020017EF12 /* PlayerLogoCollectionViewController.swift */,
				4C3733121EBFA35C00A5785E /* Players.storyboard */,
				4C3733171EBFAC3A00A5785E /* PlayersTableViewController.swift */,
			);
			name = Players;
			sourceTree = "<group>";
		};
		4C40AE121EC3AEDB0079E964 /* Teams */ = {
			isa = PBXGroup;
			children = (
				4C40AE171ECCDF8E0079E964 /* AddTeamViewController.swift */,
				4C87E51F1F1FF77200AEFA36 /* EditTeamViewController.swift */,
				4C40AE151ECCD51E0079E964 /* Team.swift */,
				4C87E51D1F1FF4BC00AEFA36 /* TeamLogoCollectionViewController.swift */,
				4C40AE131EC3AF0E0079E964 /* Teams.storyboard */,
				4C40AE191ED9D2080079E964 /* TeamsTableViewController.swift */,
			);
			name = Teams;
			sourceTree = "<group>";
		};
		4C9CBD3F1F16BAF8004A48E5 /* Teams */ = {
			isa = PBXGroup;
			children = (
				4C9CBD401F16BB24004A48E5 /* TeamsTests.swift */,
				4CEECE911F180D2A005C07F0 /* TeamsPersistenceTests.swift */,
			);
			name = Teams;
			sourceTree = "<group>";
		};
		4CEB74FF1EEF372600E4DEFA /* Players */ = {
			isa = PBXGroup;
			children = (
				4CEB75001EEF373A00E4DEFA /* PlayerTests.swift */,
				4CD9A2ED1F3510AC0080AE46 /* PlayerPersistanceTests.swift */,
			);
			name = Players;
			sourceTree = "<group>";
		};
		4CEB75021EFFE8D700E4DEFA /* Resources */ = {
			isa = PBXGroup;
			children = (
				4C8BF66E1F952D4200DA4B18 /* players.json */,
				4CEB75051EFFE90800E4DEFA /* teams.json */,
			);
			name = Resources;
			sourceTree = "<group>";
		};
		4CEF9D471F8A972B00E34083 /* Utils */ = {
			isa = PBXGroup;
			children = (
				4CEF9D481F8A999100E34083 /* JSONUtils.swift */,
				4C40AE101EC0DA950079E964 /* UXUtils.swift */,
			);
			path = Utils;
			sourceTree = "<group>";
		};
/* End PBXGroup section */

/* Begin PBXNativeTarget section */
		4C3732DC1EBF8E8100A5785E /* MixTeam */ = {
			isa = PBXNativeTarget;
			buildConfigurationList = 4C3733071EBF8E8100A5785E /* Build configuration list for PBXNativeTarget "MixTeam" */;
			buildPhases = (
				4C3732D91EBF8E8100A5785E /* Sources */,
				4C3732DA1EBF8E8100A5785E /* Frameworks */,
				4C3732DB1EBF8E8100A5785E /* Resources */,
			);
			buildRules = (
			);
			dependencies = (
			);
			name = MixTeam;
			productName = MixTeam;
			productReference = 4C3732DD1EBF8E8100A5785E /* MixTeam.app */;
			productType = "com.apple.product-type.application";
		};
		4C3732F21EBF8E8100A5785E /* MixTeamTests */ = {
			isa = PBXNativeTarget;
			buildConfigurationList = 4C37330A1EBF8E8100A5785E /* Build configuration list for PBXNativeTarget "MixTeamTests" */;
			buildPhases = (
				4C3732EF1EBF8E8100A5785E /* Sources */,
				4C3732F01EBF8E8100A5785E /* Frameworks */,
				4C3732F11EBF8E8100A5785E /* Resources */,
			);
			buildRules = (
			);
			dependencies = (
				4C3732F51EBF8E8100A5785E /* PBXTargetDependency */,
			);
			name = MixTeamTests;
			productName = MixTeamTests;
			productReference = 4C3732F31EBF8E8100A5785E /* MixTeamTests.xctest */;
			productType = "com.apple.product-type.bundle.unit-test";
		};
		4C3732FD1EBF8E8100A5785E /* MixTeamUITests */ = {
			isa = PBXNativeTarget;
			buildConfigurationList = 4C37330D1EBF8E8100A5785E /* Build configuration list for PBXNativeTarget "MixTeamUITests" */;
			buildPhases = (
				4C3732FA1EBF8E8100A5785E /* Sources */,
				4C3732FB1EBF8E8100A5785E /* Frameworks */,
				4C3732FC1EBF8E8100A5785E /* Resources */,
			);
			buildRules = (
			);
			dependencies = (
				4C3733001EBF8E8100A5785E /* PBXTargetDependency */,
			);
			name = MixTeamUITests;
			productName = MixTeamUITests;
			productReference = 4C3732FE1EBF8E8100A5785E /* MixTeamUITests.xctest */;
			productType = "com.apple.product-type.bundle.ui-testing";
		};
/* End PBXNativeTarget section */

/* Begin PBXProject section */
		4C3732D51EBF8E8100A5785E /* Project object */ = {
			isa = PBXProject;
			attributes = {
				LastSwiftUpdateCheck = 0830;
				LastUpgradeCheck = 0900;
				ORGANIZATIONNAME = "Renaud JENNY";
				TargetAttributes = {
					4C3732DC1EBF8E8100A5785E = {
						CreatedOnToolsVersion = 8.3.2;
						DevelopmentTeam = MBQ98GC8JT;
						LastSwiftMigration = 0900;
						ProvisioningStyle = Automatic;
					};
					4C3732F21EBF8E8100A5785E = {
						CreatedOnToolsVersion = 8.3.2;
						LastSwiftMigration = 0900;
						ProvisioningStyle = Automatic;
						TestTargetID = 4C3732DC1EBF8E8100A5785E;
					};
					4C3732FD1EBF8E8100A5785E = {
						CreatedOnToolsVersion = 8.3.2;
						LastSwiftMigration = 0900;
						ProvisioningStyle = Automatic;
						TestTargetID = 4C3732DC1EBF8E8100A5785E;
					};
				};
			};
			buildConfigurationList = 4C3732D81EBF8E8100A5785E /* Build configuration list for PBXProject "MixTeam" */;
			compatibilityVersion = "Xcode 3.2";
			developmentRegion = English;
			hasScannedForEncodings = 0;
			knownRegions = (
				en,
				Base,
			);
			mainGroup = 4C3732D41EBF8E8100A5785E;
			productRefGroup = 4C3732DE1EBF8E8100A5785E /* Products */;
			projectDirPath = "";
			projectRoot = "";
			targets = (
				4C3732DC1EBF8E8100A5785E /* MixTeam */,
				4C3732F21EBF8E8100A5785E /* MixTeamTests */,
				4C3732FD1EBF8E8100A5785E /* MixTeamUITests */,
			);
		};
/* End PBXProject section */

/* Begin PBXResourcesBuildPhase section */
		4C3732DB1EBF8E8100A5785E /* Resources */ = {
			isa = PBXResourcesBuildPhase;
			buildActionMask = 2147483647;
			files = (
				4C3732ED1EBF8E8100A5785E /* LaunchScreen.storyboard in Resources */,
				4C3733131EBFA35C00A5785E /* Players.storyboard in Resources */,
				4C3732EA1EBF8E8100A5785E /* Assets.xcassets in Resources */,
				4C3732E81EBF8E8100A5785E /* Main.storyboard in Resources */,
				4C8BF66F1F952D4200DA4B18 /* players.json in Resources */,
				4CEB75061EFFE90800E4DEFA /* teams.json in Resources */,
				4C2A88D71F4A27A6003E6DBC /* TeamHeaderView.xib in Resources */,
				4C40AE141EC3AF0E0079E964 /* Teams.storyboard in Resources */,
			);
			runOnlyForDeploymentPostprocessing = 0;
		};
		4C3732F11EBF8E8100A5785E /* Resources */ = {
			isa = PBXResourcesBuildPhase;
			buildActionMask = 2147483647;
			files = (
			);
			runOnlyForDeploymentPostprocessing = 0;
		};
		4C3732FC1EBF8E8100A5785E /* Resources */ = {
			isa = PBXResourcesBuildPhase;
			buildActionMask = 2147483647;
			files = (
			);
			runOnlyForDeploymentPostprocessing = 0;
		};
/* End PBXResourcesBuildPhase section */

/* Begin PBXSourcesBuildPhase section */
		4C3732D91EBF8E8100A5785E /* Sources */ = {
			isa = PBXSourcesBuildPhase;
			buildActionMask = 2147483647;
			files = (
				4C2A88D91F599744003E6DBC /* PlayerTableViewCell.swift in Sources */,
				4C3733111EBF968900A5785E /* AddPlayerViewController.swift in Sources */,
				4C40AE181ECCDF8E0079E964 /* AddTeamViewController.swift in Sources */,
				4C40AE1A1ED9D2080079E964 /* TeamsTableViewController.swift in Sources */,
				4C40AE111EC0DA950079E964 /* UXUtils.swift in Sources */,
				4CEF9D491F8A999100E34083 /* JSONUtils.swift in Sources */,
				4C37331A1EBFC4EF00A5785E /* EditPlayerViewController.swift in Sources */,
				4C2A88D51F4A24E8003E6DBC /* TeamHeaderView.swift in Sources */,
				4C3733181EBFAC3A00A5785E /* PlayersTableViewController.swift in Sources */,
				4C40AE161ECCD51E0079E964 /* Team.swift in Sources */,
				4C87E5201F1FF77200AEFA36 /* EditTeamViewController.swift in Sources */,
				4C3732E11EBF8E8100A5785E /* AppDelegate.swift in Sources */,
				4CF9D2FB1F6436D7009879E4 /* LogoCollectionViewCell.swift in Sources */,
				4C87E51E1F1FF4BC00AEFA36 /* TeamLogoCollectionViewController.swift in Sources */,
				4C0DD03F1EC06B020017EF12 /* PlayerLogoCollectionViewController.swift in Sources */,
				4C3733161EBFAA8700A5785E /* Player.swift in Sources */,
			);
			runOnlyForDeploymentPostprocessing = 0;
		};
		4C3732EF1EBF8E8100A5785E /* Sources */ = {
			isa = PBXSourcesBuildPhase;
			buildActionMask = 2147483647;
			files = (
				4C9CBD411F16BB24004A48E5 /* TeamsTests.swift in Sources */,
				4CEB74FE1EEF358B00E4DEFA /* UXUtilsTests.swift in Sources */,
				4CD9A2EE1F3510AC0080AE46 /* PlayerPersistanceTests.swift in Sources */,
				4CEECE921F180D2A005C07F0 /* TeamsPersistenceTests.swift in Sources */,
				4CEB75011EEF373A00E4DEFA /* PlayerTests.swift in Sources */,
				4C3732F81EBF8E8100A5785E /* MixTeamTests.swift in Sources */,
			);
			runOnlyForDeploymentPostprocessing = 0;
		};
		4C3732FA1EBF8E8100A5785E /* Sources */ = {
			isa = PBXSourcesBuildPhase;
			buildActionMask = 2147483647;
			files = (
				4C3733031EBF8E8100A5785E /* MixTeamUITests.swift in Sources */,
			);
			runOnlyForDeploymentPostprocessing = 0;
		};
/* End PBXSourcesBuildPhase section */

/* Begin PBXTargetDependency section */
		4C3732F51EBF8E8100A5785E /* PBXTargetDependency */ = {
			isa = PBXTargetDependency;
			target = 4C3732DC1EBF8E8100A5785E /* MixTeam */;
			targetProxy = 4C3732F41EBF8E8100A5785E /* PBXContainerItemProxy */;
		};
		4C3733001EBF8E8100A5785E /* PBXTargetDependency */ = {
			isa = PBXTargetDependency;
			target = 4C3732DC1EBF8E8100A5785E /* MixTeam */;
			targetProxy = 4C3732FF1EBF8E8100A5785E /* PBXContainerItemProxy */;
		};
/* End PBXTargetDependency section */

/* Begin PBXVariantGroup section */
		4C3732E61EBF8E8100A5785E /* Main.storyboard */ = {
			isa = PBXVariantGroup;
			children = (
				4C3732E71EBF8E8100A5785E /* Base */,
			);
			name = Main.storyboard;
			sourceTree = "<group>";
		};
		4C3732EB1EBF8E8100A5785E /* LaunchScreen.storyboard */ = {
			isa = PBXVariantGroup;
			children = (
				4C3732EC1EBF8E8100A5785E /* Base */,
			);
			name = LaunchScreen.storyboard;
			sourceTree = "<group>";
		};
/* End PBXVariantGroup section */

/* Begin XCBuildConfiguration section */
		4C3733051EBF8E8100A5785E /* Debug */ = {
			isa = XCBuildConfiguration;
			buildSettings = {
				ALWAYS_SEARCH_USER_PATHS = NO;
				CLANG_ANALYZER_NONNULL = YES;
				CLANG_ANALYZER_NUMBER_OBJECT_CONVERSION = YES_AGGRESSIVE;
				CLANG_CXX_LANGUAGE_STANDARD = "gnu++0x";
				CLANG_CXX_LIBRARY = "libc++";
				CLANG_ENABLE_MODULES = YES;
				CLANG_ENABLE_OBJC_ARC = YES;
				CLANG_WARN_BLOCK_CAPTURE_AUTORELEASING = YES;
				CLANG_WARN_BOOL_CONVERSION = YES;
				CLANG_WARN_COMMA = YES;
				CLANG_WARN_CONSTANT_CONVERSION = YES;
				CLANG_WARN_DIRECT_OBJC_ISA_USAGE = YES_ERROR;
				CLANG_WARN_DOCUMENTATION_COMMENTS = YES;
				CLANG_WARN_EMPTY_BODY = YES;
				CLANG_WARN_ENUM_CONVERSION = YES;
				CLANG_WARN_INFINITE_RECURSION = YES;
				CLANG_WARN_INT_CONVERSION = YES;
				CLANG_WARN_NON_LITERAL_NULL_CONVERSION = YES;
				CLANG_WARN_OBJC_LITERAL_CONVERSION = YES;
				CLANG_WARN_OBJC_ROOT_CLASS = YES_ERROR;
				CLANG_WARN_RANGE_LOOP_ANALYSIS = YES;
				CLANG_WARN_STRICT_PROTOTYPES = YES;
				CLANG_WARN_SUSPICIOUS_MOVE = YES;
				CLANG_WARN_UNREACHABLE_CODE = YES;
				CLANG_WARN__DUPLICATE_METHOD_MATCH = YES;
				"CODE_SIGN_IDENTITY[sdk=iphoneos*]" = "iPhone Developer";
				COPY_PHASE_STRIP = NO;
				DEBUG_INFORMATION_FORMAT = dwarf;
				ENABLE_STRICT_OBJC_MSGSEND = YES;
				ENABLE_TESTABILITY = YES;
				GCC_C_LANGUAGE_STANDARD = gnu99;
				GCC_DYNAMIC_NO_PIC = NO;
				GCC_NO_COMMON_BLOCKS = YES;
				GCC_OPTIMIZATION_LEVEL = 0;
				GCC_PREPROCESSOR_DEFINITIONS = (
					"DEBUG=1",
					"$(inherited)",
				);
				GCC_WARN_64_TO_32_BIT_CONVERSION = YES;
				GCC_WARN_ABOUT_RETURN_TYPE = YES_ERROR;
				GCC_WARN_UNDECLARED_SELECTOR = YES;
				GCC_WARN_UNINITIALIZED_AUTOS = YES_AGGRESSIVE;
				GCC_WARN_UNUSED_FUNCTION = YES;
				GCC_WARN_UNUSED_VARIABLE = YES;
				IPHONEOS_DEPLOYMENT_TARGET = 10.3;
				MTL_ENABLE_DEBUG_INFO = YES;
				ONLY_ACTIVE_ARCH = YES;
				SDKROOT = iphoneos;
				SWIFT_ACTIVE_COMPILATION_CONDITIONS = DEBUG;
				SWIFT_OPTIMIZATION_LEVEL = "-Onone";
				TARGETED_DEVICE_FAMILY = "1,2";
			};
			name = Debug;
		};
		4C3733061EBF8E8100A5785E /* Release */ = {
			isa = XCBuildConfiguration;
			buildSettings = {
				ALWAYS_SEARCH_USER_PATHS = NO;
				CLANG_ANALYZER_NONNULL = YES;
				CLANG_ANALYZER_NUMBER_OBJECT_CONVERSION = YES_AGGRESSIVE;
				CLANG_CXX_LANGUAGE_STANDARD = "gnu++0x";
				CLANG_CXX_LIBRARY = "libc++";
				CLANG_ENABLE_MODULES = YES;
				CLANG_ENABLE_OBJC_ARC = YES;
				CLANG_WARN_BLOCK_CAPTURE_AUTORELEASING = YES;
				CLANG_WARN_BOOL_CONVERSION = YES;
				CLANG_WARN_COMMA = YES;
				CLANG_WARN_CONSTANT_CONVERSION = YES;
				CLANG_WARN_DIRECT_OBJC_ISA_USAGE = YES_ERROR;
				CLANG_WARN_DOCUMENTATION_COMMENTS = YES;
				CLANG_WARN_EMPTY_BODY = YES;
				CLANG_WARN_ENUM_CONVERSION = YES;
				CLANG_WARN_INFINITE_RECURSION = YES;
				CLANG_WARN_INT_CONVERSION = YES;
				CLANG_WARN_NON_LITERAL_NULL_CONVERSION = YES;
				CLANG_WARN_OBJC_LITERAL_CONVERSION = YES;
				CLANG_WARN_OBJC_ROOT_CLASS = YES_ERROR;
				CLANG_WARN_RANGE_LOOP_ANALYSIS = YES;
				CLANG_WARN_STRICT_PROTOTYPES = YES;
				CLANG_WARN_SUSPICIOUS_MOVE = YES;
				CLANG_WARN_UNREACHABLE_CODE = YES;
				CLANG_WARN__DUPLICATE_METHOD_MATCH = YES;
				"CODE_SIGN_IDENTITY[sdk=iphoneos*]" = "iPhone Developer";
				COPY_PHASE_STRIP = NO;
				DEBUG_INFORMATION_FORMAT = "dwarf-with-dsym";
				ENABLE_NS_ASSERTIONS = NO;
				ENABLE_STRICT_OBJC_MSGSEND = YES;
				GCC_C_LANGUAGE_STANDARD = gnu99;
				GCC_NO_COMMON_BLOCKS = YES;
				GCC_WARN_64_TO_32_BIT_CONVERSION = YES;
				GCC_WARN_ABOUT_RETURN_TYPE = YES_ERROR;
				GCC_WARN_UNDECLARED_SELECTOR = YES;
				GCC_WARN_UNINITIALIZED_AUTOS = YES_AGGRESSIVE;
				GCC_WARN_UNUSED_FUNCTION = YES;
				GCC_WARN_UNUSED_VARIABLE = YES;
				IPHONEOS_DEPLOYMENT_TARGET = 10.3;
				MTL_ENABLE_DEBUG_INFO = NO;
				SDKROOT = iphoneos;
				SWIFT_OPTIMIZATION_LEVEL = "-Owholemodule";
				TARGETED_DEVICE_FAMILY = "1,2";
				VALIDATE_PRODUCT = YES;
			};
			name = Release;
		};
		4C3733081EBF8E8100A5785E /* Debug */ = {
			isa = XCBuildConfiguration;
			buildSettings = {
				ASSETCATALOG_COMPILER_APPICON_NAME = AppIcon;
				DEVELOPMENT_TEAM = MBQ98GC8JT;
				INFOPLIST_FILE = MixTeam/Info.plist;
				LD_RUNPATH_SEARCH_PATHS = "$(inherited) @executable_path/Frameworks";
				PRODUCT_BUNDLE_IDENTIFIER = renaud.jenny.MixTeam;
				PRODUCT_NAME = "$(TARGET_NAME)";
				SWIFT_SWIFT3_OBJC_INFERENCE = Default;
				SWIFT_VERSION = 4.0;
			};
			name = Debug;
		};
		4C3733091EBF8E8100A5785E /* Release */ = {
			isa = XCBuildConfiguration;
			buildSettings = {
				ASSETCATALOG_COMPILER_APPICON_NAME = AppIcon;
				DEVELOPMENT_TEAM = MBQ98GC8JT;
				INFOPLIST_FILE = MixTeam/Info.plist;
				LD_RUNPATH_SEARCH_PATHS = "$(inherited) @executable_path/Frameworks";
				PRODUCT_BUNDLE_IDENTIFIER = renaud.jenny.MixTeam;
				PRODUCT_NAME = "$(TARGET_NAME)";
				SWIFT_SWIFT3_OBJC_INFERENCE = Default;
				SWIFT_VERSION = 4.0;
			};
			name = Release;
		};
		4C37330B1EBF8E8100A5785E /* Debug */ = {
			isa = XCBuildConfiguration;
			buildSettings = {
				ALWAYS_EMBED_SWIFT_STANDARD_LIBRARIES = YES;
				BUNDLE_LOADER = "$(TEST_HOST)";
				INFOPLIST_FILE = MixTeamTests/Info.plist;
				LD_RUNPATH_SEARCH_PATHS = "$(inherited) @executable_path/Frameworks @loader_path/Frameworks";
				PRODUCT_BUNDLE_IDENTIFIER = renaud.jenny.MixTeamTests;
				PRODUCT_NAME = "$(TARGET_NAME)";
				SWIFT_SWIFT3_OBJC_INFERENCE = Default;
				SWIFT_VERSION = 4.0;
				TEST_HOST = "$(BUILT_PRODUCTS_DIR)/MixTeam.app/MixTeam";
			};
			name = Debug;
		};
		4C37330C1EBF8E8100A5785E /* Release */ = {
			isa = XCBuildConfiguration;
			buildSettings = {
				ALWAYS_EMBED_SWIFT_STANDARD_LIBRARIES = YES;
				BUNDLE_LOADER = "$(TEST_HOST)";
				INFOPLIST_FILE = MixTeamTests/Info.plist;
				LD_RUNPATH_SEARCH_PATHS = "$(inherited) @executable_path/Frameworks @loader_path/Frameworks";
				PRODUCT_BUNDLE_IDENTIFIER = renaud.jenny.MixTeamTests;
				PRODUCT_NAME = "$(TARGET_NAME)";
				SWIFT_SWIFT3_OBJC_INFERENCE = Default;
				SWIFT_VERSION = 4.0;
				TEST_HOST = "$(BUILT_PRODUCTS_DIR)/MixTeam.app/MixTeam";
			};
			name = Release;
		};
		4C37330E1EBF8E8100A5785E /* Debug */ = {
			isa = XCBuildConfiguration;
			buildSettings = {
				ALWAYS_EMBED_SWIFT_STANDARD_LIBRARIES = YES;
				INFOPLIST_FILE = MixTeamUITests/Info.plist;
				LD_RUNPATH_SEARCH_PATHS = "$(inherited) @executable_path/Frameworks @loader_path/Frameworks";
				PRODUCT_BUNDLE_IDENTIFIER = renaud.jenny.MixTeamUITests;
				PRODUCT_NAME = "$(TARGET_NAME)";
				SWIFT_SWIFT3_OBJC_INFERENCE = Default;
				SWIFT_VERSION = 4.0;
				TEST_TARGET_NAME = MixTeam;
			};
			name = Debug;
		};
		4C37330F1EBF8E8100A5785E /* Release */ = {
			isa = XCBuildConfiguration;
			buildSettings = {
				ALWAYS_EMBED_SWIFT_STANDARD_LIBRARIES = YES;
				INFOPLIST_FILE = MixTeamUITests/Info.plist;
				LD_RUNPATH_SEARCH_PATHS = "$(inherited) @executable_path/Frameworks @loader_path/Frameworks";
				PRODUCT_BUNDLE_IDENTIFIER = renaud.jenny.MixTeamUITests;
				PRODUCT_NAME = "$(TARGET_NAME)";
				SWIFT_SWIFT3_OBJC_INFERENCE = Default;
				SWIFT_VERSION = 4.0;
				TEST_TARGET_NAME = MixTeam;
			};
			name = Release;
		};
/* End XCBuildConfiguration section */

/* Begin XCConfigurationList section */
		4C3732D81EBF8E8100A5785E /* Build configuration list for PBXProject "MixTeam" */ = {
			isa = XCConfigurationList;
			buildConfigurations = (
				4C3733051EBF8E8100A5785E /* Debug */,
				4C3733061EBF8E8100A5785E /* Release */,
			);
			defaultConfigurationIsVisible = 0;
			defaultConfigurationName = Release;
		};
		4C3733071EBF8E8100A5785E /* Build configuration list for PBXNativeTarget "MixTeam" */ = {
			isa = XCConfigurationList;
			buildConfigurations = (
				4C3733081EBF8E8100A5785E /* Debug */,
				4C3733091EBF8E8100A5785E /* Release */,
			);
			defaultConfigurationIsVisible = 0;
			defaultConfigurationName = Release;
		};
		4C37330A1EBF8E8100A5785E /* Build configuration list for PBXNativeTarget "MixTeamTests" */ = {
			isa = XCConfigurationList;
			buildConfigurations = (
				4C37330B1EBF8E8100A5785E /* Debug */,
				4C37330C1EBF8E8100A5785E /* Release */,
			);
			defaultConfigurationIsVisible = 0;
			defaultConfigurationName = Release;
		};
		4C37330D1EBF8E8100A5785E /* Build configuration list for PBXNativeTarget "MixTeamUITests" */ = {
			isa = XCConfigurationList;
			buildConfigurations = (
				4C37330E1EBF8E8100A5785E /* Debug */,
				4C37330F1EBF8E8100A5785E /* Release */,
			);
			defaultConfigurationIsVisible = 0;
			defaultConfigurationName = Release;
		};
/* End XCConfigurationList section */
	};
	rootObject = 4C3732D51EBF8E8100A5785E /* Project object */;
}
