// !$*UTF8*$!
{
	archiveVersion = 1;
	classes = {
	};
	objectVersion = 52;
	objects = {

/* Begin PBXBuildFile section */
		4C03CF05299D61DE003C3584 /* ShufflePlayers.swift in Sources */ = {isa = PBXBuildFile; fileRef = 4C03CF04299D61DE003C3584 /* ShufflePlayers.swift */; };
		4C03CF0829A00671003C3584 /* PlayersTests.swift in Sources */ = {isa = PBXBuildFile; fileRef = 4C03CF0729A00671003C3584 /* PlayersTests.swift */; };
		4C03CF0B29A0F55B003C3584 /* TeamsTests.swift in Sources */ = {isa = PBXBuildFile; fileRef = 4C03CF0A29A0F4C0003C3584 /* TeamsTests.swift */; };
		4C0520A029A3911E007A12A8 /* SettingsTests.swift in Sources */ = {isa = PBXBuildFile; fileRef = 4C05209F29A3911E007A12A8 /* SettingsTests.swift */; };
		4C0520A629A573ED007A12A8 /* StandingTests.swift in Sources */ = {isa = PBXBuildFile; fileRef = 4C0520A529A573ED007A12A8 /* StandingTests.swift */; };
		4C0520A829A5755C007A12A8 /* RandomPlayer.swift in Sources */ = {isa = PBXBuildFile; fileRef = 4C0520A729A5755C007A12A8 /* RandomPlayer.swift */; };
		4C0520AC29A6B586007A12A8 /* RoundTests.swift in Sources */ = {isa = PBXBuildFile; fileRef = 4C0520AB29A6B586007A12A8 /* RoundTests.swift */; };
		4C0520AF29A7ECD8007A12A8 /* ScoreTests.swift in Sources */ = {isa = PBXBuildFile; fileRef = 4C0520AE29A7EC18007A12A8 /* ScoreTests.swift */; };
		4C0520B329A936A9007A12A8 /* ScoresTests.swift in Sources */ = {isa = PBXBuildFile; fileRef = 4C0520B229A936A9007A12A8 /* ScoresTests.swift */; };
		4C12BE2529807B9E003BB002 /* Composition.swift in Sources */ = {isa = PBXBuildFile; fileRef = 4C12BE2429807B9E003BB002 /* Composition.swift */; };
		4C12BE272981BF88003BB002 /* CompositionLoader.swift in Sources */ = {isa = PBXBuildFile; fileRef = 4C12BE262981BF88003BB002 /* CompositionLoader.swift */; };
		4C12BE292981C148003BB002 /* ConfirmationDialog+NotEnoughTeams.swift in Sources */ = {isa = PBXBuildFile; fileRef = 4C12BE282981C148003BB002 /* ConfirmationDialog+NotEnoughTeams.swift */; };
		4C12BE2B29832769003BB002 /* CompositionView.swift in Sources */ = {isa = PBXBuildFile; fileRef = 4C12BE2A29832769003BB002 /* CompositionView.swift */; };
		4C1ED55824C82196005D6749 /* StandingView.swift in Sources */ = {isa = PBXBuildFile; fileRef = 4C1ED55724C82196005D6749 /* StandingView.swift */; };
		4C2B6C4D296A0B5300B960C3 /* SettingsView.swift in Sources */ = {isa = PBXBuildFile; fileRef = 4C2B6C4C296A0B5300B960C3 /* SettingsView.swift */; };
		4C3732EA1EBF8E8100A5785E /* Assets.xcassets in Resources */ = {isa = PBXBuildFile; fileRef = 4C3732E91EBF8E8100A5785E /* Assets.xcassets */; };
		4C3733031EBF8E8100A5785E /* MixTeamUITests.swift in Sources */ = {isa = PBXBuildFile; fileRef = 4C3733021EBF8E8100A5785E /* MixTeamUITests.swift */; };
		4C3763C524A3DF5E00FA040B /* CompositionTests.swift in Sources */ = {isa = PBXBuildFile; fileRef = 4C3763C424A3DF5E00FA040B /* CompositionTests.swift */; };
		4C4CDBE929B3D66100EC6812 /* LoaderCore in Frameworks */ = {isa = PBXBuildFile; productRef = 4C4CDBE829B3D66100EC6812 /* LoaderCore */; };
		4C4CDBEB29B3D66100EC6812 /* StyleCore in Frameworks */ = {isa = PBXBuildFile; productRef = 4C4CDBEA29B3D66100EC6812 /* StyleCore */; };
		4C4CDBED29B7D84300EC6812 /* PlayersCore in Frameworks */ = {isa = PBXBuildFile; productRef = 4C4CDBEC29B7D84300EC6812 /* PlayersCore */; };
		4C4CDBEF29B7D84300EC6812 /* ScoresCore in Frameworks */ = {isa = PBXBuildFile; productRef = 4C4CDBEE29B7D84300EC6812 /* ScoresCore */; };
		4C4CDBF129B7D84300EC6812 /* TeamsCore in Frameworks */ = {isa = PBXBuildFile; productRef = 4C4CDBF029B7D84300EC6812 /* TeamsCore */; };
		4C4CDBF329B7D8B400EC6812 /* PersistenceCore in Frameworks */ = {isa = PBXBuildFile; productRef = 4C4CDBF229B7D8B400EC6812 /* PersistenceCore */; };
		4C75737D28EF73D200A6E1EF /* MixTeamApp.swift in Sources */ = {isa = PBXBuildFile; fileRef = 4C75737C28EF73D200A6E1EF /* MixTeamApp.swift */; };
		4C75738028F0ADC600A6E1EF /* ComposableArchitecture in Frameworks */ = {isa = PBXBuildFile; productRef = 4C75737F28F0ADC600A6E1EF /* ComposableArchitecture */; };
		4C75738228F0ADC600A6E1EF /* Dependencies in Frameworks */ = {isa = PBXBuildFile; productRef = 4C75738128F0ADC600A6E1EF /* Dependencies */; };
		4C75738528F0AE1200A6E1EF /* App.swift in Sources */ = {isa = PBXBuildFile; fileRef = 4C75738428F0AE1200A6E1EF /* App.swift */; };
		4C78F78C299C24AF003A2DDD /* AppTests.swift in Sources */ = {isa = PBXBuildFile; fileRef = 4C78F78B299C2424003A2DDD /* AppTests.swift */; };
		4C7FE787245A166A0011E8AB /* AppView.swift in Sources */ = {isa = PBXBuildFile; fileRef = 4C7FE786245A166A0011E8AB /* AppView.swift */; };
		4C86575D255479C20040EA04 /* RenaudJennyAboutView in Frameworks */ = {isa = PBXBuildFile; productRef = 4C86575C255479C20040EA04 /* RenaudJennyAboutView */; };
		4C8D13A529AFF11200EB68B5 /* ImagePicker in Frameworks */ = {isa = PBXBuildFile; productRef = 4C8D13A429AFF11200EB68B5 /* ImagePicker */; };
		4C8D13A729AFFCEF00EB68B5 /* Assets in Frameworks */ = {isa = PBXBuildFile; productRef = 4C8D13A629AFFCEF00EB68B5 /* Assets */; };
		4CF355382946909000366084 /* SwiftUINavigation in Frameworks */ = {isa = PBXBuildFile; productRef = 4CF355372946909000366084 /* SwiftUINavigation */; };
		4CFDCADB28F224E1002DBF2D /* Standing.swift in Sources */ = {isa = PBXBuildFile; fileRef = 4CFDCADA28F224E1002DBF2D /* Standing.swift */; };
		4CFDCADF28F2BD8C002DBF2D /* RandomTeam.swift in Sources */ = {isa = PBXBuildFile; fileRef = 4CFDCADE28F2BD8C002DBF2D /* RandomTeam.swift */; };
/* End PBXBuildFile section */

/* Begin PBXContainerItemProxy section */
		4C3732F41EBF8E8100A5785E /* PBXContainerItemProxy */ = {
			isa = PBXContainerItemProxy;
			containerPortal = 4C3732D51EBF8E8100A5785E /* Project object */;
			proxyType = 1;
			remoteGlobalIDString = 4C3732DC1EBF8E8100A5785E;
			remoteInfo = MixTeam;
		};
		4C3732FF1EBF8E8100A5785E /* PBXContainerItemProxy */ = {
			isa = PBXContainerItemProxy;
			containerPortal = 4C3732D51EBF8E8100A5785E /* Project object */;
			proxyType = 1;
			remoteGlobalIDString = 4C3732DC1EBF8E8100A5785E;
			remoteInfo = MixTeam;
		};
/* End PBXContainerItemProxy section */

/* Begin PBXFileReference section */
		4C03CF04299D61DE003C3584 /* ShufflePlayers.swift */ = {isa = PBXFileReference; lastKnownFileType = sourcecode.swift; path = ShufflePlayers.swift; sourceTree = "<group>"; };
		4C03CF0729A00671003C3584 /* PlayersTests.swift */ = {isa = PBXFileReference; lastKnownFileType = sourcecode.swift; path = PlayersTests.swift; sourceTree = "<group>"; };
		4C03CF0A29A0F4C0003C3584 /* TeamsTests.swift */ = {isa = PBXFileReference; lastKnownFileType = sourcecode.swift; path = TeamsTests.swift; sourceTree = "<group>"; };
		4C05209F29A3911E007A12A8 /* SettingsTests.swift */ = {isa = PBXFileReference; lastKnownFileType = sourcecode.swift; path = SettingsTests.swift; sourceTree = "<group>"; };
		4C0520A529A573ED007A12A8 /* StandingTests.swift */ = {isa = PBXFileReference; lastKnownFileType = sourcecode.swift; path = StandingTests.swift; sourceTree = "<group>"; };
		4C0520A729A5755C007A12A8 /* RandomPlayer.swift */ = {isa = PBXFileReference; lastKnownFileType = sourcecode.swift; path = RandomPlayer.swift; sourceTree = "<group>"; };
		4C0520AB29A6B586007A12A8 /* RoundTests.swift */ = {isa = PBXFileReference; lastKnownFileType = sourcecode.swift; path = RoundTests.swift; sourceTree = "<group>"; };
		4C0520AE29A7EC18007A12A8 /* ScoreTests.swift */ = {isa = PBXFileReference; lastKnownFileType = sourcecode.swift; path = ScoreTests.swift; sourceTree = "<group>"; };
		4C0520B229A936A9007A12A8 /* ScoresTests.swift */ = {isa = PBXFileReference; lastKnownFileType = sourcecode.swift; path = ScoresTests.swift; sourceTree = "<group>"; };
		4C12BE2429807B9E003BB002 /* Composition.swift */ = {isa = PBXFileReference; lastKnownFileType = sourcecode.swift; path = Composition.swift; sourceTree = "<group>"; };
		4C12BE262981BF88003BB002 /* CompositionLoader.swift */ = {isa = PBXFileReference; lastKnownFileType = sourcecode.swift; path = CompositionLoader.swift; sourceTree = "<group>"; };
		4C12BE282981C148003BB002 /* ConfirmationDialog+NotEnoughTeams.swift */ = {isa = PBXFileReference; lastKnownFileType = sourcecode.swift; path = "ConfirmationDialog+NotEnoughTeams.swift"; sourceTree = "<group>"; };
		4C12BE2A29832769003BB002 /* CompositionView.swift */ = {isa = PBXFileReference; lastKnownFileType = sourcecode.swift; path = CompositionView.swift; sourceTree = "<group>"; };
		4C1ED55724C82196005D6749 /* StandingView.swift */ = {isa = PBXFileReference; lastKnownFileType = sourcecode.swift; path = StandingView.swift; sourceTree = "<group>"; };
		4C2B6C4C296A0B5300B960C3 /* SettingsView.swift */ = {isa = PBXFileReference; lastKnownFileType = sourcecode.swift; path = SettingsView.swift; sourceTree = "<group>"; };
		4C3732DD1EBF8E8100A5785E /* MixTeam.app */ = {isa = PBXFileReference; explicitFileType = wrapper.application; includeInIndex = 0; path = MixTeam.app; sourceTree = BUILT_PRODUCTS_DIR; };
		4C3732E91EBF8E8100A5785E /* Assets.xcassets */ = {isa = PBXFileReference; lastKnownFileType = folder.assetcatalog; path = Assets.xcassets; sourceTree = "<group>"; };
		4C3732F31EBF8E8100A5785E /* MixTeamTests.xctest */ = {isa = PBXFileReference; explicitFileType = wrapper.cfbundle; includeInIndex = 0; path = MixTeamTests.xctest; sourceTree = BUILT_PRODUCTS_DIR; };
		4C3732F91EBF8E8100A5785E /* Info.plist */ = {isa = PBXFileReference; lastKnownFileType = text.plist.xml; path = Info.plist; sourceTree = "<group>"; };
		4C3732FE1EBF8E8100A5785E /* MixTeamUITests.xctest */ = {isa = PBXFileReference; explicitFileType = wrapper.cfbundle; includeInIndex = 0; path = MixTeamUITests.xctest; sourceTree = BUILT_PRODUCTS_DIR; };
		4C3733021EBF8E8100A5785E /* MixTeamUITests.swift */ = {isa = PBXFileReference; lastKnownFileType = sourcecode.swift; path = MixTeamUITests.swift; sourceTree = "<group>"; };
		4C3733041EBF8E8100A5785E /* Info.plist */ = {isa = PBXFileReference; lastKnownFileType = text.plist.xml; path = Info.plist; sourceTree = "<group>"; };
		4C3763C424A3DF5E00FA040B /* CompositionTests.swift */ = {isa = PBXFileReference; lastKnownFileType = sourcecode.swift; path = CompositionTests.swift; sourceTree = "<group>"; };
		4C75737C28EF73D200A6E1EF /* MixTeamApp.swift */ = {isa = PBXFileReference; lastKnownFileType = sourcecode.swift; path = MixTeamApp.swift; sourceTree = "<group>"; };
		4C75738428F0AE1200A6E1EF /* App.swift */ = {isa = PBXFileReference; lastKnownFileType = sourcecode.swift; path = App.swift; sourceTree = "<group>"; };
		4C78F78B299C2424003A2DDD /* AppTests.swift */ = {isa = PBXFileReference; lastKnownFileType = sourcecode.swift; path = AppTests.swift; sourceTree = "<group>"; };
		4C7FE786245A166A0011E8AB /* AppView.swift */ = {isa = PBXFileReference; lastKnownFileType = sourcecode.swift; path = AppView.swift; sourceTree = "<group>"; };
		4CCD52C929AFEFDA002B163C /* MixTeam */ = {isa = PBXFileReference; lastKnownFileType = wrapper; name = MixTeam; path = ..; sourceTree = "<group>"; };
		4CFDCADA28F224E1002DBF2D /* Standing.swift */ = {isa = PBXFileReference; lastKnownFileType = sourcecode.swift; path = Standing.swift; sourceTree = "<group>"; };
		4CFDCADE28F2BD8C002DBF2D /* RandomTeam.swift */ = {isa = PBXFileReference; lastKnownFileType = sourcecode.swift; path = RandomTeam.swift; sourceTree = "<group>"; };
/* End PBXFileReference section */

/* Begin PBXFrameworksBuildPhase section */
		4C3732DA1EBF8E8100A5785E /* Frameworks */ = {
			isa = PBXFrameworksBuildPhase;
			buildActionMask = 2147483647;
			files = (
				4C4CDBEF29B7D84300EC6812 /* ScoresCore in Frameworks */,
				4C75738228F0ADC600A6E1EF /* Dependencies in Frameworks */,
				4C8D13A729AFFCEF00EB68B5 /* Assets in Frameworks */,
				4C75738028F0ADC600A6E1EF /* ComposableArchitecture in Frameworks */,
				4C4CDBEB29B3D66100EC6812 /* StyleCore in Frameworks */,
				4C4CDBF329B7D8B400EC6812 /* PersistenceCore in Frameworks */,
				4C4CDBE929B3D66100EC6812 /* LoaderCore in Frameworks */,
				4C8D13A529AFF11200EB68B5 /* ImagePicker in Frameworks */,
				4C4CDBF129B7D84300EC6812 /* TeamsCore in Frameworks */,
				4C4CDBED29B7D84300EC6812 /* PlayersCore in Frameworks */,
				4C86575D255479C20040EA04 /* RenaudJennyAboutView in Frameworks */,
				4CF355382946909000366084 /* SwiftUINavigation in Frameworks */,
			);
			runOnlyForDeploymentPostprocessing = 0;
		};
		4C3732F01EBF8E8100A5785E /* Frameworks */ = {
			isa = PBXFrameworksBuildPhase;
			buildActionMask = 2147483647;
			files = (
			);
			runOnlyForDeploymentPostprocessing = 0;
		};
		4C3732FB1EBF8E8100A5785E /* Frameworks */ = {
			isa = PBXFrameworksBuildPhase;
			buildActionMask = 2147483647;
			files = (
			);
			runOnlyForDeploymentPostprocessing = 0;
		};
/* End PBXFrameworksBuildPhase section */

/* Begin PBXGroup section */
		4C03CF0629A00665003C3584 /* Players */ = {
			isa = PBXGroup;
			children = (
				4C03CF0729A00671003C3584 /* PlayersTests.swift */,
			);
			path = Players;
			sourceTree = "<group>";
		};
		4C03CF0929A0F4B0003C3584 /* Teams */ = {
			isa = PBXGroup;
			children = (
				4C03CF0A29A0F4C0003C3584 /* TeamsTests.swift */,
			);
			path = Teams;
			sourceTree = "<group>";
		};
		4C05209E29A39109007A12A8 /* Settings */ = {
			isa = PBXGroup;
			children = (
				4C05209F29A3911E007A12A8 /* SettingsTests.swift */,
			);
			path = Settings;
			sourceTree = "<group>";
		};
		4C0520A429A573C1007A12A8 /* Standing */ = {
			isa = PBXGroup;
			children = (
				4C0520A529A573ED007A12A8 /* StandingTests.swift */,
			);
			path = Standing;
			sourceTree = "<group>";
		};
		4C0520A929A6B522007A12A8 /* Scores */ = {
			isa = PBXGroup;
			children = (
				4C0520B029A9368D007A12A8 /* Scores */,
				4C0520AA29A6B572007A12A8 /* Round */,
				4C0520AD29A7EC0E007A12A8 /* Score */,
			);
			path = Scores;
			sourceTree = "<group>";
		};
		4C0520AA29A6B572007A12A8 /* Round */ = {
			isa = PBXGroup;
			children = (
				4C0520AB29A6B586007A12A8 /* RoundTests.swift */,
			);
			path = Round;
			sourceTree = "<group>";
		};
		4C0520AD29A7EC0E007A12A8 /* Score */ = {
			isa = PBXGroup;
			children = (
				4C0520AE29A7EC18007A12A8 /* ScoreTests.swift */,
			);
			path = Score;
			sourceTree = "<group>";
		};
		4C0520B029A9368D007A12A8 /* Scores */ = {
			isa = PBXGroup;
			children = (
				4C0520B229A936A9007A12A8 /* ScoresTests.swift */,
			);
			path = Scores;
			sourceTree = "<group>";
		};
		4C12BE2329807B8F003BB002 /* Composition */ = {
			isa = PBXGroup;
			children = (
				4C12BE2429807B9E003BB002 /* Composition.swift */,
				4C12BE262981BF88003BB002 /* CompositionLoader.swift */,
				4C12BE282981C148003BB002 /* ConfirmationDialog+NotEnoughTeams.swift */,
				4C12BE2A29832769003BB002 /* CompositionView.swift */,
			);
			path = Composition;
			sourceTree = "<group>";
		};
		4C2B6C4B296A0B4000B960C3 /* Settings */ = {
			isa = PBXGroup;
			children = (
				4C2B6C4C296A0B5300B960C3 /* SettingsView.swift */,
			);
			path = Settings;
			sourceTree = "<group>";
		};
		4C3732D41EBF8E8100A5785E = {
			isa = PBXGroup;
			children = (
				4CCD52B429AFE6BB002B163C /* Frameworks */,
				4C3732DF1EBF8E8100A5785E /* MixTeam */,
				4CCD52C929AFEFDA002B163C /* MixTeam */,
				4C3732F61EBF8E8100A5785E /* MixTeamTests */,
				4C3733011EBF8E8100A5785E /* MixTeamUITests */,
				4C3732DE1EBF8E8100A5785E /* Products */,
			);
			sourceTree = "<group>";
		};
		4C3732DE1EBF8E8100A5785E /* Products */ = {
			isa = PBXGroup;
			children = (
				4C3732DD1EBF8E8100A5785E /* MixTeam.app */,
				4C3732F31EBF8E8100A5785E /* MixTeamTests.xctest */,
				4C3732FE1EBF8E8100A5785E /* MixTeamUITests.xctest */,
			);
			name = Products;
			sourceTree = "<group>";
		};
		4C3732DF1EBF8E8100A5785E /* MixTeam */ = {
			isa = PBXGroup;
			children = (
				4C75738328F0ADFF00A6E1EF /* App */,
				4C3732E91EBF8E8100A5785E /* Assets.xcassets */,
				4C12BE2329807B8F003BB002 /* Composition */,
				4CFDCAD228F0B624002DBF2D /* Dependencies */,
				4C75737C28EF73D200A6E1EF /* MixTeamApp.swift */,
				4C8E60FE2679395000010C8B /* Scores */,
				4C2B6C4B296A0B4000B960C3 /* Settings */,
				4CFDCAD928F224D4002DBF2D /* Standing */,
			);
			path = MixTeam;
			sourceTree = "<group>";
		};
		4C3732F61EBF8E8100A5785E /* MixTeamTests */ = {
			isa = PBXGroup;
			children = (
				4C78F78A299C2415003A2DDD /* App */,
				4C3763C324A3DF3300FA040B /* Composition */,
				4C3732F91EBF8E8100A5785E /* Info.plist */,
				4C03CF0629A00665003C3584 /* Players */,
				4C0520A929A6B522007A12A8 /* Scores */,
				4C05209E29A39109007A12A8 /* Settings */,
				4C0520A429A573C1007A12A8 /* Standing */,
				4C03CF0929A0F4B0003C3584 /* Teams */,
			);
			path = MixTeamTests;
			sourceTree = "<group>";
		};
		4C3733011EBF8E8100A5785E /* MixTeamUITests */ = {
			isa = PBXGroup;
			children = (
				4C3733021EBF8E8100A5785E /* MixTeamUITests.swift */,
				4C3733041EBF8E8100A5785E /* Info.plist */,
			);
			path = MixTeamUITests;
			sourceTree = "<group>";
		};
		4C3763C324A3DF3300FA040B /* Composition */ = {
			isa = PBXGroup;
			children = (
				4C3763C424A3DF5E00FA040B /* CompositionTests.swift */,
			);
			path = Composition;
			sourceTree = "<group>";
		};
		4C75738328F0ADFF00A6E1EF /* App */ = {
			isa = PBXGroup;
			children = (
				4C75738428F0AE1200A6E1EF /* App.swift */,
				4C7FE786245A166A0011E8AB /* AppView.swift */,
			);
			path = App;
			sourceTree = "<group>";
		};
		4C78F78A299C2415003A2DDD /* App */ = {
			isa = PBXGroup;
			children = (
				4C78F78B299C2424003A2DDD /* AppTests.swift */,
			);
			path = App;
			sourceTree = "<group>";
		};
		4C8E60FE2679395000010C8B /* Scores */ = {
			isa = PBXGroup;
			children = (
			);
			path = Scores;
			sourceTree = "<group>";
		};
		4CCD52B429AFE6BB002B163C /* Frameworks */ = {
			isa = PBXGroup;
			children = (
			);
			name = Frameworks;
			sourceTree = "<group>";
		};
		4CFDCAD228F0B624002DBF2D /* Dependencies */ = {
			isa = PBXGroup;
			children = (
				4C03CF04299D61DE003C3584 /* ShufflePlayers.swift */,
				4C0520A729A5755C007A12A8 /* RandomPlayer.swift */,
				4CFDCADE28F2BD8C002DBF2D /* RandomTeam.swift */,
			);
			path = Dependencies;
			sourceTree = "<group>";
		};
		4CFDCAD928F224D4002DBF2D /* Standing */ = {
			isa = PBXGroup;
			children = (
				4CFDCADA28F224E1002DBF2D /* Standing.swift */,
				4C1ED55724C82196005D6749 /* StandingView.swift */,
			);
			path = Standing;
			sourceTree = "<group>";
		};
/* End PBXGroup section */

/* Begin PBXNativeTarget section */
		4C3732DC1EBF8E8100A5785E /* MixTeam */ = {
			isa = PBXNativeTarget;
			buildConfigurationList = 4C3733071EBF8E8100A5785E /* Build configuration list for PBXNativeTarget "MixTeam" */;
			buildPhases = (
				4C3732D91EBF8E8100A5785E /* Sources */,
				4C3732DA1EBF8E8100A5785E /* Frameworks */,
				4C3732DB1EBF8E8100A5785E /* Resources */,
				4C3763C224A3DC8B00FA040B /* ShellScript */,
			);
			buildRules = (
			);
			dependencies = (
			);
			name = MixTeam;
			packageProductDependencies = (
				4C86575C255479C20040EA04 /* RenaudJennyAboutView */,
				4C75737F28F0ADC600A6E1EF /* ComposableArchitecture */,
				4C75738128F0ADC600A6E1EF /* Dependencies */,
				4CF355372946909000366084 /* SwiftUINavigation */,
				4C8D13A429AFF11200EB68B5 /* ImagePicker */,
				4C8D13A629AFFCEF00EB68B5 /* Assets */,
				4C4CDBE829B3D66100EC6812 /* LoaderCore */,
				4C4CDBEA29B3D66100EC6812 /* StyleCore */,
				4C4CDBEC29B7D84300EC6812 /* PlayersCore */,
				4C4CDBEE29B7D84300EC6812 /* ScoresCore */,
				4C4CDBF029B7D84300EC6812 /* TeamsCore */,
				4C4CDBF229B7D8B400EC6812 /* PersistenceCore */,
			);
			productName = MixTeam;
			productReference = 4C3732DD1EBF8E8100A5785E /* MixTeam.app */;
			productType = "com.apple.product-type.application";
		};
		4C3732F21EBF8E8100A5785E /* MixTeamTests */ = {
			isa = PBXNativeTarget;
			buildConfigurationList = 4C37330A1EBF8E8100A5785E /* Build configuration list for PBXNativeTarget "MixTeamTests" */;
			buildPhases = (
				4C3732EF1EBF8E8100A5785E /* Sources */,
				4C3732F01EBF8E8100A5785E /* Frameworks */,
				4C3732F11EBF8E8100A5785E /* Resources */,
			);
			buildRules = (
			);
			dependencies = (
				4C3732F51EBF8E8100A5785E /* PBXTargetDependency */,
			);
			name = MixTeamTests;
			productName = MixTeamTests;
			productReference = 4C3732F31EBF8E8100A5785E /* MixTeamTests.xctest */;
			productType = "com.apple.product-type.bundle.unit-test";
		};
		4C3732FD1EBF8E8100A5785E /* MixTeamUITests */ = {
			isa = PBXNativeTarget;
			buildConfigurationList = 4C37330D1EBF8E8100A5785E /* Build configuration list for PBXNativeTarget "MixTeamUITests" */;
			buildPhases = (
				4C3732FA1EBF8E8100A5785E /* Sources */,
				4C3732FB1EBF8E8100A5785E /* Frameworks */,
				4C3732FC1EBF8E8100A5785E /* Resources */,
			);
			buildRules = (
			);
			dependencies = (
				4C3733001EBF8E8100A5785E /* PBXTargetDependency */,
			);
			name = MixTeamUITests;
			productName = MixTeamUITests;
			productReference = 4C3732FE1EBF8E8100A5785E /* MixTeamUITests.xctest */;
			productType = "com.apple.product-type.bundle.ui-testing";
		};
/* End PBXNativeTarget section */

/* Begin PBXProject section */
		4C3732D51EBF8E8100A5785E /* Project object */ = {
			isa = PBXProject;
			attributes = {
				LastSwiftUpdateCheck = 0830;
				LastUpgradeCheck = 1200;
				ORGANIZATIONNAME = "Renaud JENNY";
				TargetAttributes = {
					4C3732DC1EBF8E8100A5785E = {
						CreatedOnToolsVersion = 8.3.2;
						DevelopmentTeam = MBQ98GC8JT;
						LastSwiftMigration = 1140;
						ProvisioningStyle = Automatic;
					};
					4C3732F21EBF8E8100A5785E = {
						CreatedOnToolsVersion = 8.3.2;
						LastSwiftMigration = 1150;
						ProvisioningStyle = Automatic;
						TestTargetID = 4C3732DC1EBF8E8100A5785E;
					};
					4C3732FD1EBF8E8100A5785E = {
						CreatedOnToolsVersion = 8.3.2;
						LastSwiftMigration = 1140;
						ProvisioningStyle = Automatic;
						TestTargetID = 4C3732DC1EBF8E8100A5785E;
					};
				};
			};
			buildConfigurationList = 4C3732D81EBF8E8100A5785E /* Build configuration list for PBXProject "MixTeam" */;
			compatibilityVersion = "Xcode 3.2";
			developmentRegion = en;
			hasScannedForEncodings = 0;
			knownRegions = (
				en,
				Base,
			);
			mainGroup = 4C3732D41EBF8E8100A5785E;
			packageReferences = (
				4C86575B255479C20040EA04 /* XCRemoteSwiftPackageReference "RenaudJennyAboutView" */,
				4C75737E28F0ADC600A6E1EF /* XCRemoteSwiftPackageReference "swift-composable-architecture" */,
				4CF355362946909000366084 /* XCRemoteSwiftPackageReference "swiftui-navigation" */,
			);
			productRefGroup = 4C3732DE1EBF8E8100A5785E /* Products */;
			projectDirPath = "";
			projectRoot = "";
			targets = (
				4C3732DC1EBF8E8100A5785E /* MixTeam */,
				4C3732F21EBF8E8100A5785E /* MixTeamTests */,
				4C3732FD1EBF8E8100A5785E /* MixTeamUITests */,
			);
		};
/* End PBXProject section */

/* Begin PBXResourcesBuildPhase section */
		4C3732DB1EBF8E8100A5785E /* Resources */ = {
			isa = PBXResourcesBuildPhase;
			buildActionMask = 2147483647;
			files = (
				4C3732EA1EBF8E8100A5785E /* Assets.xcassets in Resources */,
			);
			runOnlyForDeploymentPostprocessing = 0;
		};
		4C3732F11EBF8E8100A5785E /* Resources */ = {
			isa = PBXResourcesBuildPhase;
			buildActionMask = 2147483647;
			files = (
			);
			runOnlyForDeploymentPostprocessing = 0;
		};
		4C3732FC1EBF8E8100A5785E /* Resources */ = {
			isa = PBXResourcesBuildPhase;
			buildActionMask = 2147483647;
			files = (
			);
			runOnlyForDeploymentPostprocessing = 0;
		};
/* End PBXResourcesBuildPhase section */

/* Begin PBXShellScriptBuildPhase section */
		4C3763C224A3DC8B00FA040B /* ShellScript */ = {
			isa = PBXShellScriptBuildPhase;
			buildActionMask = 2147483647;
			files = (
			);
			inputFileListPaths = (
			);
			inputPaths = (
			);
			outputFileListPaths = (
			);
			outputPaths = (
			);
			runOnlyForDeploymentPostprocessing = 0;
			shellPath = /bin/sh;
			shellScript = "export PATH=\"$PATH:/opt/homebrew/bin\"\nif which swiftlint >/dev/null; then\n  swiftlint\nelse\n  echo \"warning: SwiftLint not installed, download from https://github.com/realm/SwiftLint\"\nfi\n";
		};
/* End PBXShellScriptBuildPhase section */

/* Begin PBXSourcesBuildPhase section */
		4C3732D91EBF8E8100A5785E /* Sources */ = {
			isa = PBXSourcesBuildPhase;
			buildActionMask = 2147483647;
			files = (
				4CFDCADB28F224E1002DBF2D /* Standing.swift in Sources */,
				4C75737D28EF73D200A6E1EF /* MixTeamApp.swift in Sources */,
				4C12BE272981BF88003BB002 /* CompositionLoader.swift in Sources */,
				4C75738528F0AE1200A6E1EF /* App.swift in Sources */,
				4C1ED55824C82196005D6749 /* StandingView.swift in Sources */,
				4C12BE2529807B9E003BB002 /* Composition.swift in Sources */,
				4C2B6C4D296A0B5300B960C3 /* SettingsView.swift in Sources */,
				4C12BE2B29832769003BB002 /* CompositionView.swift in Sources */,
				4CFDCADF28F2BD8C002DBF2D /* RandomTeam.swift in Sources */,
				4C7FE787245A166A0011E8AB /* AppView.swift in Sources */,
				4C03CF05299D61DE003C3584 /* ShufflePlayers.swift in Sources */,
				4C12BE292981C148003BB002 /* ConfirmationDialog+NotEnoughTeams.swift in Sources */,
				4C0520A829A5755C007A12A8 /* RandomPlayer.swift in Sources */,
			);
			runOnlyForDeploymentPostprocessing = 0;
		};
		4C3732EF1EBF8E8100A5785E /* Sources */ = {
			isa = PBXSourcesBuildPhase;
			buildActionMask = 2147483647;
			files = (
				4C03CF0829A00671003C3584 /* PlayersTests.swift in Sources */,
				4C3763C524A3DF5E00FA040B /* CompositionTests.swift in Sources */,
				4C78F78C299C24AF003A2DDD /* AppTests.swift in Sources */,
				4C0520AF29A7ECD8007A12A8 /* ScoreTests.swift in Sources */,
				4C0520A029A3911E007A12A8 /* SettingsTests.swift in Sources */,
				4C03CF0B29A0F55B003C3584 /* TeamsTests.swift in Sources */,
				4C0520AC29A6B586007A12A8 /* RoundTests.swift in Sources */,
				4C0520B329A936A9007A12A8 /* ScoresTests.swift in Sources */,
				4C0520A629A573ED007A12A8 /* StandingTests.swift in Sources */,
			);
			runOnlyForDeploymentPostprocessing = 0;
		};
		4C3732FA1EBF8E8100A5785E /* Sources */ = {
			isa = PBXSourcesBuildPhase;
			buildActionMask = 2147483647;
			files = (
				4C3733031EBF8E8100A5785E /* MixTeamUITests.swift in Sources */,
			);
			runOnlyForDeploymentPostprocessing = 0;
		};
/* End PBXSourcesBuildPhase section */

/* Begin PBXTargetDependency section */
		4C3732F51EBF8E8100A5785E /* PBXTargetDependency */ = {
			isa = PBXTargetDependency;
			target = 4C3732DC1EBF8E8100A5785E /* MixTeam */;
			targetProxy = 4C3732F41EBF8E8100A5785E /* PBXContainerItemProxy */;
		};
		4C3733001EBF8E8100A5785E /* PBXTargetDependency */ = {
			isa = PBXTargetDependency;
			target = 4C3732DC1EBF8E8100A5785E /* MixTeam */;
			targetProxy = 4C3732FF1EBF8E8100A5785E /* PBXContainerItemProxy */;
		};
/* End PBXTargetDependency section */

/* Begin XCBuildConfiguration section */
		4C3733051EBF8E8100A5785E /* Debug */ = {
			isa = XCBuildConfiguration;
			buildSettings = {
				ALWAYS_SEARCH_USER_PATHS = NO;
				ASSETCATALOG_COMPILER_GLOBAL_ACCENT_COLOR_NAME = AccentColor;
				CLANG_ANALYZER_LOCALIZABILITY_NONLOCALIZED = YES;
				CLANG_ANALYZER_NONNULL = YES;
				CLANG_ANALYZER_NUMBER_OBJECT_CONVERSION = YES_AGGRESSIVE;
				CLANG_CXX_LANGUAGE_STANDARD = "gnu++0x";
				CLANG_CXX_LIBRARY = "libc++";
				CLANG_ENABLE_MODULES = YES;
				CLANG_ENABLE_OBJC_ARC = YES;
				CLANG_WARN_BLOCK_CAPTURE_AUTORELEASING = YES;
				CLANG_WARN_BOOL_CONVERSION = YES;
				CLANG_WARN_COMMA = YES;
				CLANG_WARN_CONSTANT_CONVERSION = YES;
				CLANG_WARN_DEPRECATED_OBJC_IMPLEMENTATIONS = YES;
				CLANG_WARN_DIRECT_OBJC_ISA_USAGE = YES_ERROR;
				CLANG_WARN_DOCUMENTATION_COMMENTS = YES;
				CLANG_WARN_EMPTY_BODY = YES;
				CLANG_WARN_ENUM_CONVERSION = YES;
				CLANG_WARN_INFINITE_RECURSION = YES;
				CLANG_WARN_INT_CONVERSION = YES;
				CLANG_WARN_NON_LITERAL_NULL_CONVERSION = YES;
				CLANG_WARN_OBJC_IMPLICIT_RETAIN_SELF = YES;
				CLANG_WARN_OBJC_LITERAL_CONVERSION = YES;
				CLANG_WARN_OBJC_ROOT_CLASS = YES_ERROR;
				CLANG_WARN_QUOTED_INCLUDE_IN_FRAMEWORK_HEADER = YES;
				CLANG_WARN_RANGE_LOOP_ANALYSIS = YES;
				CLANG_WARN_STRICT_PROTOTYPES = YES;
				CLANG_WARN_SUSPICIOUS_MOVE = YES;
				CLANG_WARN_UNREACHABLE_CODE = YES;
				CLANG_WARN__DUPLICATE_METHOD_MATCH = YES;
				"CODE_SIGN_IDENTITY[sdk=iphoneos*]" = "iPhone Developer";
				COPY_PHASE_STRIP = NO;
				DEBUG_INFORMATION_FORMAT = dwarf;
				ENABLE_STRICT_OBJC_MSGSEND = YES;
				ENABLE_TESTABILITY = YES;
				GCC_C_LANGUAGE_STANDARD = gnu99;
				GCC_DYNAMIC_NO_PIC = NO;
				GCC_NO_COMMON_BLOCKS = YES;
				GCC_OPTIMIZATION_LEVEL = 0;
				GCC_PREPROCESSOR_DEFINITIONS = (
					"DEBUG=1",
					"$(inherited)",
				);
				GCC_WARN_64_TO_32_BIT_CONVERSION = YES;
				GCC_WARN_ABOUT_RETURN_TYPE = YES_ERROR;
				GCC_WARN_UNDECLARED_SELECTOR = YES;
				GCC_WARN_UNINITIALIZED_AUTOS = YES_AGGRESSIVE;
				GCC_WARN_UNUSED_FUNCTION = YES;
				GCC_WARN_UNUSED_VARIABLE = YES;
				IPHONEOS_DEPLOYMENT_TARGET = 15.6;
				MTL_ENABLE_DEBUG_INFO = YES;
				ONLY_ACTIVE_ARCH = YES;
				SDKROOT = iphoneos;
				SWIFT_ACTIVE_COMPILATION_CONDITIONS = DEBUG;
				SWIFT_OPTIMIZATION_LEVEL = "-Onone";
				TARGETED_DEVICE_FAMILY = "1,2";
			};
			name = Debug;
		};
		4C3733061EBF8E8100A5785E /* Release */ = {
			isa = XCBuildConfiguration;
			buildSettings = {
				ALWAYS_SEARCH_USER_PATHS = NO;
				ASSETCATALOG_COMPILER_GLOBAL_ACCENT_COLOR_NAME = AccentColor;
				CLANG_ANALYZER_LOCALIZABILITY_NONLOCALIZED = YES;
				CLANG_ANALYZER_NONNULL = YES;
				CLANG_ANALYZER_NUMBER_OBJECT_CONVERSION = YES_AGGRESSIVE;
				CLANG_CXX_LANGUAGE_STANDARD = "gnu++0x";
				CLANG_CXX_LIBRARY = "libc++";
				CLANG_ENABLE_MODULES = YES;
				CLANG_ENABLE_OBJC_ARC = YES;
				CLANG_WARN_BLOCK_CAPTURE_AUTORELEASING = YES;
				CLANG_WARN_BOOL_CONVERSION = YES;
				CLANG_WARN_COMMA = YES;
				CLANG_WARN_CONSTANT_CONVERSION = YES;
				CLANG_WARN_DEPRECATED_OBJC_IMPLEMENTATIONS = YES;
				CLANG_WARN_DIRECT_OBJC_ISA_USAGE = YES_ERROR;
				CLANG_WARN_DOCUMENTATION_COMMENTS = YES;
				CLANG_WARN_EMPTY_BODY = YES;
				CLANG_WARN_ENUM_CONVERSION = YES;
				CLANG_WARN_INFINITE_RECURSION = YES;
				CLANG_WARN_INT_CONVERSION = YES;
				CLANG_WARN_NON_LITERAL_NULL_CONVERSION = YES;
				CLANG_WARN_OBJC_IMPLICIT_RETAIN_SELF = YES;
				CLANG_WARN_OBJC_LITERAL_CONVERSION = YES;
				CLANG_WARN_OBJC_ROOT_CLASS = YES_ERROR;
				CLANG_WARN_QUOTED_INCLUDE_IN_FRAMEWORK_HEADER = YES;
				CLANG_WARN_RANGE_LOOP_ANALYSIS = YES;
				CLANG_WARN_STRICT_PROTOTYPES = YES;
				CLANG_WARN_SUSPICIOUS_MOVE = YES;
				CLANG_WARN_UNREACHABLE_CODE = YES;
				CLANG_WARN__DUPLICATE_METHOD_MATCH = YES;
				"CODE_SIGN_IDENTITY[sdk=iphoneos*]" = "iPhone Developer";
				COPY_PHASE_STRIP = NO;
				DEBUG_INFORMATION_FORMAT = "dwarf-with-dsym";
				ENABLE_NS_ASSERTIONS = NO;
				ENABLE_STRICT_OBJC_MSGSEND = YES;
				GCC_C_LANGUAGE_STANDARD = gnu99;
				GCC_NO_COMMON_BLOCKS = YES;
				GCC_WARN_64_TO_32_BIT_CONVERSION = YES;
				GCC_WARN_ABOUT_RETURN_TYPE = YES_ERROR;
				GCC_WARN_UNDECLARED_SELECTOR = YES;
				GCC_WARN_UNINITIALIZED_AUTOS = YES_AGGRESSIVE;
				GCC_WARN_UNUSED_FUNCTION = YES;
				GCC_WARN_UNUSED_VARIABLE = YES;
				IPHONEOS_DEPLOYMENT_TARGET = 15.6;
				MTL_ENABLE_DEBUG_INFO = NO;
				SDKROOT = iphoneos;
				SWIFT_COMPILATION_MODE = wholemodule;
				SWIFT_OPTIMIZATION_LEVEL = "-O";
				TARGETED_DEVICE_FAMILY = "1,2";
				VALIDATE_PRODUCT = YES;
			};
			name = Release;
		};
		4C3733081EBF8E8100A5785E /* Debug */ = {
			isa = XCBuildConfiguration;
			buildSettings = {
				ASSETCATALOG_COMPILER_APPICON_NAME = AppIcon;
				DEVELOPMENT_TEAM = MBQ98GC8JT;
				INFOPLIST_FILE = MixTeam/Info.plist;
				LD_RUNPATH_SEARCH_PATHS = (
					"$(inherited)",
					"@executable_path/Frameworks",
				);
				MARKETING_VERSION = 3.0.0;
				PRODUCT_BUNDLE_IDENTIFIER = renaud.jenny.MixTeam;
				PRODUCT_NAME = "$(TARGET_NAME)";
				SWIFT_SWIFT3_OBJC_INFERENCE = Default;
				SWIFT_VERSION = 5.0;
			};
			name = Debug;
		};
		4C3733091EBF8E8100A5785E /* Release */ = {
			isa = XCBuildConfiguration;
			buildSettings = {
				ASSETCATALOG_COMPILER_APPICON_NAME = AppIcon;
				DEVELOPMENT_TEAM = MBQ98GC8JT;
				INFOPLIST_FILE = MixTeam/Info.plist;
				LD_RUNPATH_SEARCH_PATHS = (
					"$(inherited)",
					"@executable_path/Frameworks",
				);
				MARKETING_VERSION = 3.0.0;
				PRODUCT_BUNDLE_IDENTIFIER = renaud.jenny.MixTeam;
				PRODUCT_NAME = "$(TARGET_NAME)";
				SWIFT_SWIFT3_OBJC_INFERENCE = Default;
				SWIFT_VERSION = 5.0;
			};
			name = Release;
		};
		4C37330B1EBF8E8100A5785E /* Debug */ = {
			isa = XCBuildConfiguration;
			buildSettings = {
				ALWAYS_EMBED_SWIFT_STANDARD_LIBRARIES = YES;
				BUNDLE_LOADER = "$(TEST_HOST)";
				CLANG_ENABLE_MODULES = YES;
				INFOPLIST_FILE = MixTeamTests/Info.plist;
				LD_RUNPATH_SEARCH_PATHS = (
					"$(inherited)",
					"@executable_path/Frameworks",
					"@loader_path/Frameworks",
				);
				PRODUCT_BUNDLE_IDENTIFIER = renaud.jenny.MixTeamTests;
				PRODUCT_NAME = "$(TARGET_NAME)";
				SWIFT_OPTIMIZATION_LEVEL = "-Onone";
				SWIFT_SWIFT3_OBJC_INFERENCE = Default;
				SWIFT_VERSION = 5.0;
				TEST_HOST = "$(BUILT_PRODUCTS_DIR)/MixTeam.app/MixTeam";
			};
			name = Debug;
		};
		4C37330C1EBF8E8100A5785E /* Release */ = {
			isa = XCBuildConfiguration;
			buildSettings = {
				ALWAYS_EMBED_SWIFT_STANDARD_LIBRARIES = YES;
				BUNDLE_LOADER = "$(TEST_HOST)";
				CLANG_ENABLE_MODULES = YES;
				INFOPLIST_FILE = MixTeamTests/Info.plist;
				LD_RUNPATH_SEARCH_PATHS = (
					"$(inherited)",
					"@executable_path/Frameworks",
					"@loader_path/Frameworks",
				);
				PRODUCT_BUNDLE_IDENTIFIER = renaud.jenny.MixTeamTests;
				PRODUCT_NAME = "$(TARGET_NAME)";
				SWIFT_SWIFT3_OBJC_INFERENCE = Default;
				SWIFT_VERSION = 5.0;
				TEST_HOST = "$(BUILT_PRODUCTS_DIR)/MixTeam.app/MixTeam";
			};
			name = Release;
		};
		4C37330E1EBF8E8100A5785E /* Debug */ = {
			isa = XCBuildConfiguration;
			buildSettings = {
				ALWAYS_EMBED_SWIFT_STANDARD_LIBRARIES = YES;
				INFOPLIST_FILE = MixTeamUITests/Info.plist;
				LD_RUNPATH_SEARCH_PATHS = (
					"$(inherited)",
					"@executable_path/Frameworks",
					"@loader_path/Frameworks",
				);
				PRODUCT_BUNDLE_IDENTIFIER = renaud.jenny.MixTeamUITests;
				PRODUCT_NAME = "$(TARGET_NAME)";
				SWIFT_SWIFT3_OBJC_INFERENCE = Default;
				SWIFT_VERSION = 5.0;
				TEST_TARGET_NAME = MixTeam;
			};
			name = Debug;
		};
		4C37330F1EBF8E8100A5785E /* Release */ = {
			isa = XCBuildConfiguration;
			buildSettings = {
				ALWAYS_EMBED_SWIFT_STANDARD_LIBRARIES = YES;
				INFOPLIST_FILE = MixTeamUITests/Info.plist;
				LD_RUNPATH_SEARCH_PATHS = (
					"$(inherited)",
					"@executable_path/Frameworks",
					"@loader_path/Frameworks",
				);
				PRODUCT_BUNDLE_IDENTIFIER = renaud.jenny.MixTeamUITests;
				PRODUCT_NAME = "$(TARGET_NAME)";
				SWIFT_SWIFT3_OBJC_INFERENCE = Default;
				SWIFT_VERSION = 5.0;
				TEST_TARGET_NAME = MixTeam;
			};
			name = Release;
		};
/* End XCBuildConfiguration section */

/* Begin XCConfigurationList section */
		4C3732D81EBF8E8100A5785E /* Build configuration list for PBXProject "MixTeam" */ = {
			isa = XCConfigurationList;
			buildConfigurations = (
				4C3733051EBF8E8100A5785E /* Debug */,
				4C3733061EBF8E8100A5785E /* Release */,
			);
			defaultConfigurationIsVisible = 0;
			defaultConfigurationName = Release;
		};
		4C3733071EBF8E8100A5785E /* Build configuration list for PBXNativeTarget "MixTeam" */ = {
			isa = XCConfigurationList;
			buildConfigurations = (
				4C3733081EBF8E8100A5785E /* Debug */,
				4C3733091EBF8E8100A5785E /* Release */,
			);
			defaultConfigurationIsVisible = 0;
			defaultConfigurationName = Release;
		};
		4C37330A1EBF8E8100A5785E /* Build configuration list for PBXNativeTarget "MixTeamTests" */ = {
			isa = XCConfigurationList;
			buildConfigurations = (
				4C37330B1EBF8E8100A5785E /* Debug */,
				4C37330C1EBF8E8100A5785E /* Release */,
			);
			defaultConfigurationIsVisible = 0;
			defaultConfigurationName = Release;
		};
		4C37330D1EBF8E8100A5785E /* Build configuration list for PBXNativeTarget "MixTeamUITests" */ = {
			isa = XCConfigurationList;
			buildConfigurations = (
				4C37330E1EBF8E8100A5785E /* Debug */,
				4C37330F1EBF8E8100A5785E /* Release */,
			);
			defaultConfigurationIsVisible = 0;
			defaultConfigurationName = Release;
		};
/* End XCConfigurationList section */

/* Begin XCRemoteSwiftPackageReference section */
		4C75737E28F0ADC600A6E1EF /* XCRemoteSwiftPackageReference "swift-composable-architecture" */ = {
			isa = XCRemoteSwiftPackageReference;
			repositoryURL = "https://github.com/pointfreeco/swift-composable-architecture";
			requirement = {
				kind = upToNextMajorVersion;
				minimumVersion = 0.51.0;
			};
		};
		4C86575B255479C20040EA04 /* XCRemoteSwiftPackageReference "RenaudJennyAboutView" */ = {
			isa = XCRemoteSwiftPackageReference;
			repositoryURL = "https://github.com/renaudjenny/RenaudJennyAboutView";
			requirement = {
				branch = main;
				kind = branch;
			};
		};
		4CF355362946909000366084 /* XCRemoteSwiftPackageReference "swiftui-navigation" */ = {
			isa = XCRemoteSwiftPackageReference;
			repositoryURL = "https://github.com/pointfreeco/swiftui-navigation";
			requirement = {
				kind = upToNextMajorVersion;
				minimumVersion = 0.4.3;
			};
		};
/* End XCRemoteSwiftPackageReference section */

/* Begin XCSwiftPackageProductDependency section */
		4C4CDBE829B3D66100EC6812 /* LoaderCore */ = {
			isa = XCSwiftPackageProductDependency;
			productName = LoaderCore;
		};
		4C4CDBEA29B3D66100EC6812 /* StyleCore */ = {
			isa = XCSwiftPackageProductDependency;
			productName = StyleCore;
		};
		4C4CDBEC29B7D84300EC6812 /* PlayersCore */ = {
			isa = XCSwiftPackageProductDependency;
			productName = PlayersCore;
		};
		4C4CDBEE29B7D84300EC6812 /* ScoresCore */ = {
			isa = XCSwiftPackageProductDependency;
			productName = ScoresCore;
		};
		4C4CDBF029B7D84300EC6812 /* TeamsCore */ = {
			isa = XCSwiftPackageProductDependency;
			productName = TeamsCore;
		};
		4C4CDBF229B7D8B400EC6812 /* PersistenceCore */ = {
			isa = XCSwiftPackageProductDependency;
			productName = PersistenceCore;
		};
		4C75737F28F0ADC600A6E1EF /* ComposableArchitecture */ = {
			isa = XCSwiftPackageProductDependency;
			package = 4C75737E28F0ADC600A6E1EF /* XCRemoteSwiftPackageReference "swift-composable-architecture" */;
			productName = ComposableArchitecture;
		};
		4C75738128F0ADC600A6E1EF /* Dependencies */ = {
			isa = XCSwiftPackageProductDependency;
			package = 4C75737E28F0ADC600A6E1EF /* XCRemoteSwiftPackageReference "swift-composable-architecture" */;
			productName = Dependencies;
		};
		4C86575C255479C20040EA04 /* RenaudJennyAboutView */ = {
			isa = XCSwiftPackageProductDependency;
			package = 4C86575B255479C20040EA04 /* XCRemoteSwiftPackageReference "RenaudJennyAboutView" */;
			productName = RenaudJennyAboutView;
		};
		4C8D13A429AFF11200EB68B5 /* ImagePicker */ = {
			isa = XCSwiftPackageProductDependency;
			productName = ImagePicker;
		};
		4C8D13A629AFFCEF00EB68B5 /* Assets */ = {
			isa = XCSwiftPackageProductDependency;
			productName = Assets;
		};
		4CF355372946909000366084 /* SwiftUINavigation */ = {
			isa = XCSwiftPackageProductDependency;
			package = 4CF355362946909000366084 /* XCRemoteSwiftPackageReference "swiftui-navigation" */;
			productName = SwiftUINavigation;
		};
/* End XCSwiftPackageProductDependency section */
	};
	rootObject = 4C3732D51EBF8E8100A5785E /* Project object */;
}
