{
  "object": {
    "pins": [
      {
        "package": "RenaudJennyAboutView",
        "repositoryURL": "https://github.com/renaudjenny/RenaudJennyAboutView",
        "state": {
          "branch": "main",
          "revision": "7c91b9715f3f52e73eeb583ebc5be7e095e83c81",
          "version": null
        }
      }
    ]
  },
  "version": 1
}
